{
  "version": 4,
  "terraform_version": "1.5.7",
  "serial": 115,
  "lineage": "d048ce95-b187-b27a-cf7f-012d45b96fe0",
  "outputs": {
    "app1_compute_instances": {
      "value": {
        "instance://vm_demo/demo/demo_instance": {
          "id": "ocid1.instance.oc1.eu-zurich-1.an5heljrknhfuyice7p6xplixlxwobmtfzkxvfdsfrwsbvsjry7v7kgrfjuq",
          "name": "demo_instance",
          "private_ip": "10.0.1.80",
          "public_ip": "144.24.248.157",
          "state": "RUNNING"
        }
      },
      "type": [
        "object",
        {
          "instance://vm_demo/demo/demo_instance": [
            "object",
            {
              "id": "string",
              "name": "string",
              "private_ip": "string",
              "public_ip": "string",
              "state": "string"
            }
          ]
        }
      ]
    },
    "app1_nsgs": {
      "value": {
        "nsg://vm_demo/demo/demo_vcn/ssh": {
          "id": "ocid1.networksecuritygroup.oc1.eu-zurich-1.aaaaaaaamnuzpkbyrvnddcgsqs4npi2ioitepf6xyk5lcmggoxvpzdybcaaq",
          "name": "ssh",
          "rules": {
            "all_egress": {
              "description": "Allow all egress traffic",
              "direction": "EGRESS",
              "id": "A5E4F9",
              "protocol": "all"
            },
            "ssh_ingress": {
              "description": "Allow SSH from anywhere",
              "direction": "INGRESS",
              "id": "69906F",
              "protocol": "6"
            }
          }
        }
      },
      "type": [
        "object",
        {
          "nsg://vm_demo/demo/demo_vcn/ssh": [
            "object",
            {
              "id": "string",
              "name": "string",
              "rules": [
                "object",
                {
                  "all_egress": [
                    "object",
                    {
                      "description": "string",
                      "direction": "string",
                      "id": "string",
                      "protocol": "string"
                    }
                  ],
                  "ssh_ingress": [
                    "object",
                    {
                      "description": "string",
                      "direction": "string",
                      "id": "string",
                      "protocol": "string"
                    }
                  ]
                }
              ]
            }
          ]
        }
      ]
    },
    "app2_compute_instances": {
      "value": {
        "instance://vm_demo/demo/app2_instance": {
          "id": "ocid1.instance.oc1.eu-zurich-1.an5heljrknhfuyic5uoi5pigutouihjyvlnfpjx7y3ghjdrgdljubcwhinfa",
          "name": "app2_instance",
          "private_ip": "10.0.1.208",
          "public_ip": "152.67.91.151",
          "state": "RUNNING"
        }
      },
      "type": [
        "object",
        {
          "instance://vm_demo/demo/app2_instance": [
            "object",
            {
              "id": "string",
              "name": "string",
              "private_ip": "string",
              "public_ip": "string",
              "state": "string"
            }
          ]
        }
      ]
    },
    "app2_nsgs": {
      "value": {
        "nsg://vm_demo/demo/demo_vcn/app2_web": {
          "id": "ocid1.networksecuritygroup.oc1.eu-zurich-1.aaaaaaaa34lfa5hcksxkvafrmqpwfg2xnrv4ttges56qspxdivagdpjfjb3q",
          "name": "app2_web",
          "rules": {
            "all_egress": {
              "description": "Allow all egress traffic",
              "direction": "EGRESS",
              "id": "CA4067",
              "protocol": "all"
            },
            "http_ingress": {
              "description": "Allow HTTP from anywhere",
              "direction": "INGRESS",
              "id": "62AC4F",
              "protocol": "6"
            },
            "https_ingress": {
              "description": "Allow HTTPS from anywhere",
              "direction": "INGRESS",
              "id": "0CF293",
              "protocol": "6"
            }
          }
        }
      },
      "type": [
        "object",
        {
          "nsg://vm_demo/demo/demo_vcn/app2_web": [
            "object",
            {
              "id": "string",
              "name": "string",
              "rules": [
                "object",
                {
                  "all_egress": [
                    "object",
                    {
                      "description": "string",
                      "direction": "string",
                      "id": "string",
                      "protocol": "string"
                    }
                  ],
                  "http_ingress": [
                    "object",
                    {
                      "description": "string",
                      "direction": "string",
                      "id": "string",
                      "protocol": "string"
                    }
                  ],
                  "https_ingress": [
                    "object",
                    {
                      "description": "string",
                      "direction": "string",
                      "id": "string",
                      "protocol": "string"
                    }
                  ]
                }
              ]
            }
          ]
        }
      ]
    },
    "compartments": {
      "value": {
        "cmp://vm_demo": {
          "id": "ocid1.compartment.oc1..aaaaaaaaeix6h7pxpffe6g3ppmwgmydcslsm35tqfcfnoo4wwjv3uesgqtia",
          "name": "vm_demo"
        },
        "cmp://vm_demo/demo": {
          "id": "ocid1.compartment.oc1..aaaaaaaa3ze5cwuso2kggf7isu4bm5ue523jov5nul6insm6iouy2iiq7qla",
          "name": "demo"
        }
      },
      "type": [
        "object",
        {
          "cmp://vm_demo": [
            "object",
            {
              "id": "string",
              "name": "string"
            }
          ],
          "cmp://vm_demo/demo": [
            "object",
            {
              "id": "string",
              "name": "string"
            }
          ]
        }
      ]
    },
    "fqrn_map": {
      "value": {
        "cmp:///vm_demo": "ocid1.compartment.oc1..aaaaaaaaeix6h7pxpffe6g3ppmwgmydcslsm35tqfcfnoo4wwjv3uesgqtia",
        "cmp:///vm_demo/demo": "ocid1.compartment.oc1..aaaaaaaa3ze5cwuso2kggf7isu4bm5ue523jov5nul6insm6iouy2iiq7qla",
        "instance://vm_demo/demo/app2_instance": "ocid1.instance.oc1.eu-zurich-1.an5heljrknhfuyic5uoi5pigutouihjyvlnfpjx7y3ghjdrgdljubcwhinfa",
        "instance://vm_demo/demo/demo_instance": "ocid1.instance.oc1.eu-zurich-1.an5heljrknhfuyice7p6xplixlxwobmtfzkxvfdsfrwsbvsjry7v7kgrfjuq",
        "nsg://vm_demo/demo/demo_vcn/app2_web": "ocid1.networksecuritygroup.oc1.eu-zurich-1.aaaaaaaa34lfa5hcksxkvafrmqpwfg2xnrv4ttges56qspxdivagdpjfjb3q",
        "nsg://vm_demo/demo/demo_vcn/ssh": "ocid1.networksecuritygroup.oc1.eu-zurich-1.aaaaaaaamnuzpkbyrvnddcgsqs4npi2ioitepf6xyk5lcmggoxvpzdybcaaq",
        "sub://vm_demo/demo/demo_vcn/public_subnet": "ocid1.subnet.oc1.eu-zurich-1.aaaaaaaacti3mldqsnm7mfcey2e7deq6gvxamczfsjgdovrjoa7hxsjj2kkq",
        "vcn://vm_demo/demo/demo_vcn": "ocid1.vcn.oc1.eu-zurich-1.amaaaaaaknhfuyiau7htppo4tbfpjpaqukkyjt2oa6jqi47447g3bnru6nja"
      },
      "type": [
        "object",
        {
          "cmp:///vm_demo": "string",
          "cmp:///vm_demo/demo": "string",
          "instance://vm_demo/demo/app2_instance": "string",
          "instance://vm_demo/demo/demo_instance": "string",
          "nsg://vm_demo/demo/demo_vcn/app2_web": "string",
          "nsg://vm_demo/demo/demo_vcn/ssh": "string",
          "sub://vm_demo/demo/demo_vcn/public_subnet": "string",
          "vcn://vm_demo/demo/demo_vcn": "string"
        }
      ]
    },
    "subnets": {
      "value": {
        "sub://vm_demo/demo/demo_vcn/public_subnet": {
          "id": "ocid1.subnet.oc1.eu-zurich-1.aaaaaaaacti3mldqsnm7mfcey2e7deq6gvxamczfsjgdovrjoa7hxsjj2kkq",
          "name": "public_subnet"
        }
      },
      "type": [
        "object",
        {
          "sub://vm_demo/demo/demo_vcn/public_subnet": [
            "object",
            {
              "id": "string",
              "name": "string"
            }
          ]
        }
      ]
    },
    "vcns": {
      "value": {
        "vcn://vm_demo/demo/demo_vcn": {
          "id": "ocid1.vcn.oc1.eu-zurich-1.amaaaaaaknhfuyiau7htppo4tbfpjpaqukkyjt2oa6jqi47447g3bnru6nja",
          "internet_gateway_id": "ocid1.internetgateway.oc1.eu-zurich-1.aaaaaaaaqsbh24oryjqnvmvcnrjnj3g4zlgefe4323zssk4n4njtlqp4ed7a",
          "name": "demo_vcn"
        }
      },
      "type": [
        "object",
        {
          "vcn://vm_demo/demo/demo_vcn": [
            "object",
            {
              "id": "string",
              "internet_gateway_id": "string",
              "name": "string"
            }
          ]
        }
      ]
    }
  },
  "resources": [
    {
      "mode": "data",
      "type": "oci_identity_availability_domains",
      "name": "ads",
      "provider": "provider[\"registry.terraform.io/oracle/oci\"]",
      "instances": [
        {
          "schema_version": 0,
          "attributes": {
            "availability_domains": [
              {
                "compartment_id": "ocid1.tenancy.oc1..aaaaaaaay2b2tvqcmqmndvcbz5kuptzuo7sp4vufarqfgoru7qojdgywb27a",
                "id": "ocid1.availabilitydomain.oc1..aaaaaaaahcyn7jl4yxlhced4gce662epqj4bniuu7xnoub2bka7aehwqa2ta",
                "name": "jJRq:EU-ZURICH-1-AD-1"
              }
            ],
            "compartment_id": "ocid1.tenancy.oc1..aaaaaaaay2b2tvqcmqmndvcbz5kuptzuo7sp4vufarqfgoru7qojdgywb27a",
            "filter": null,
            "id": "IdentityAvailabilityDomainsDataSource-2687684338"
          },
          "sensitive_attributes": []
        }
      ]
    },
    {
      "module": "module.app1_compute_instances[\"instance://vm_demo/demo/demo_instance\"]",
      "mode": "data",
      "type": "oci_core_images",
      "name": "ol8",
      "provider": "provider[\"registry.terraform.io/hashicorp/oci\"]",
      "instances": [
        {
          "index_key": 0,
          "schema_version": 0,
          "attributes": {
            "compartment_id": "ocid1.compartment.oc1..aaaaaaaa3ze5cwuso2kggf7isu4bm5ue523jov5nul6insm6iouy2iiq7qla",
            "display_name": null,
            "filter": null,
            "id": "CoreImagesDataSource-2549098392",
            "images": [
              {
                "agent_features": [],
                "base_image_id": "",
                "billable_size_in_gbs": "6",
                "compartment_id": "",
                "create_image_allowed": true,
                "defined_tags": {},
                "display_name": "Oracle-Linux-8.10-2025.10.23-0",
                "freeform_tags": {},
                "id": "ocid1.image.oc1.eu-zurich-1.aaaaaaaaykavmggnqfvydvhgj6r2zqvikznlx6rhqnquyd2eltmalvsca2gq",
                "image_source_details": [],
                "instance_id": "",
                "launch_mode": "NATIVE",
                "launch_options": [
                  {
                    "boot_volume_type": "PARAVIRTUALIZED",
                    "firmware": "UEFI_64",
                    "is_consistent_volume_naming_enabled": true,
                    "is_pv_encryption_in_transit_enabled": true,
                    "network_type": "PARAVIRTUALIZED",
                    "remote_data_volume_type": "PARAVIRTUALIZED"
                  }
                ],
                "listing_type": "",
                "operating_system": "Oracle Linux",
                "operating_system_version": "8",
                "size_in_mbs": "47719",
                "state": "AVAILABLE",
                "time_created": "2025-11-10 05:52:35.408 +0000 UTC"
              },
              {
                "agent_features": [],
                "base_image_id": "",
                "billable_size_in_gbs": "6",
                "compartment_id": "",
                "create_image_allowed": true,
                "defined_tags": {},
                "display_name": "Oracle-Linux-8.10-2025.09.16-0",
                "freeform_tags": {},
                "id": "ocid1.image.oc1.eu-zurich-1.aaaaaaaandotlaavzcyemssrejf44cta5wcrhqw2edboxmnoevaysxrrjhrq",
                "image_source_details": [],
                "instance_id": "",
                "launch_mode": "NATIVE",
                "launch_options": [
                  {
                    "boot_volume_type": "PARAVIRTUALIZED",
                    "firmware": "UEFI_64",
                    "is_consistent_volume_naming_enabled": true,
                    "is_pv_encryption_in_transit_enabled": true,
                    "network_type": "PARAVIRTUALIZED",
                    "remote_data_volume_type": "PARAVIRTUALIZED"
                  }
                ],
                "listing_type": "",
                "operating_system": "Oracle Linux",
                "operating_system_version": "8",
                "size_in_mbs": "47719",
                "state": "AVAILABLE",
                "time_created": "2025-09-24 04:09:36.212 +0000 UTC"
              },
              {
                "agent_features": [],
                "base_image_id": "",
                "billable_size_in_gbs": "6",
                "compartment_id": "",
                "create_image_allowed": true,
                "defined_tags": {},
                "display_name": "Oracle-Linux-8.10-2025.08.31-0",
                "freeform_tags": {},
                "id": "ocid1.image.oc1.eu-zurich-1.aaaaaaaabthkpjj2kws5lerlhsobw6aut73lasfbqfusaik4dtvpaxzqlw3a",
                "image_source_details": [],
                "instance_id": "",
                "launch_mode": "NATIVE",
                "launch_options": [
                  {
                    "boot_volume_type": "PARAVIRTUALIZED",
                    "firmware": "UEFI_64",
                    "is_consistent_volume_naming_enabled": true,
                    "is_pv_encryption_in_transit_enabled": true,
                    "network_type": "PARAVIRTUALIZED",
                    "remote_data_volume_type": "PARAVIRTUALIZED"
                  }
                ],
                "listing_type": "",
                "operating_system": "Oracle Linux",
                "operating_system_version": "8",
                "size_in_mbs": "47719",
                "state": "AVAILABLE",
                "time_created": "2025-09-03 04:03:02.227 +0000 UTC"
              }
            ],
            "operating_system": "Oracle Linux",
            "operating_system_version": "8",
            "shape": "VM.Standard.E4.Flex",
            "sort_by": "TIMECREATED",
            "sort_order": "DESC",
            "state": null
          },
          "sensitive_attributes": []
        }
      ]
    },
    {
      "module": "module.app1_compute_instances[\"instance://vm_demo/demo/demo_instance\"]",
      "mode": "managed",
      "type": "oci_core_instance",
      "name": "this",
      "provider": "provider[\"registry.terraform.io/hashicorp/oci\"]",
      "instances": [
        {
          "schema_version": 0,
          "attributes": {
            "agent_config": [
              {
                "are_all_plugins_disabled": false,
                "is_management_disabled": false,
                "is_monitoring_disabled": false,
                "plugins_config": []
              }
            ],
            "async": null,
            "availability_config": [
              {
                "is_live_migration_preferred": false,
                "recovery_action": "RESTORE_INSTANCE"
              }
            ],
            "availability_domain": "jJRq:EU-ZURICH-1-AD-1",
            "boot_volume_id": "ocid1.bootvolume.oc1.eu-zurich-1.ab5heljra6mclkof36nvxt5fsve2f6a52x6yp7okxcmhxnxpgrjpbdnngj4q",
            "capacity_reservation_id": null,
            "cluster_placement_group_id": null,
            "compartment_id": "ocid1.compartment.oc1..aaaaaaaa3ze5cwuso2kggf7isu4bm5ue523jov5nul6insm6iouy2iiq7qla",
            "compute_cluster_id": null,
            "create_vnic_details": [
              {
                "assign_ipv6ip": false,
                "assign_private_dns_record": false,
                "assign_public_ip": "true",
                "defined_tags": {
                  "Oracle-Tags.CreatedBy": "default/ryszard.styczynski@avaloq.com",
                  "Oracle-Tags.CreatedOn": "2025-11-29T10:09:36.106Z"
                },
                "display_name": "demo_instance-vnic",
                "freeform_tags": {
                  "component": "oci-vending-machine",
                  "managed_by": "terraform"
                },
                "hostname_label": "demo-instance-vnic-505975",
                "ipv6address_ipv6subnet_cidr_pair_details": [],
                "nsg_ids": [
                  "ocid1.networksecuritygroup.oc1.eu-zurich-1.aaaaaaaa34lfa5hcksxkvafrmqpwfg2xnrv4ttges56qspxdivagdpjfjb3q",
                  "ocid1.networksecuritygroup.oc1.eu-zurich-1.aaaaaaaamnuzpkbyrvnddcgsqs4npi2ioitepf6xyk5lcmggoxvpzdybcaaq"
                ],
                "private_ip": "10.0.1.80",
                "security_attributes": {},
                "skip_source_dest_check": false,
                "subnet_cidr": "",
                "subnet_id": "ocid1.subnet.oc1.eu-zurich-1.aaaaaaaacti3mldqsnm7mfcey2e7deq6gvxamczfsjgdovrjoa7hxsjj2kkq",
                "vlan_id": ""
              }
            ],
            "dedicated_vm_host_id": null,
            "defined_tags": {
              "Oracle-Tags.CreatedBy": "default/ryszard.styczynski@avaloq.com",
              "Oracle-Tags.CreatedOn": "2025-11-29T10:09:36.028Z"
            },
            "display_name": "demo_instance",
            "extended_metadata": {},
            "fault_domain": "FAULT-DOMAIN-3",
            "freeform_tags": {
              "component": "oci-vending-machine",
              "managed_by": "terraform"
            },
            "hostname_label": "demo-instance-vnic-505975",
            "id": "ocid1.instance.oc1.eu-zurich-1.an5heljrknhfuyice7p6xplixlxwobmtfzkxvfdsfrwsbvsjry7v7kgrfjuq",
            "image": "ocid1.image.oc1.eu-zurich-1.aaaaaaaaykavmggnqfvydvhgj6r2zqvikznlx6rhqnquyd2eltmalvsca2gq",
            "instance_configuration_id": null,
            "instance_options": [
              {
                "are_legacy_imds_endpoints_disabled": false
              }
            ],
            "ipxe_script": null,
            "is_ai_enterprise_enabled": null,
            "is_cross_numa_node": false,
            "is_pv_encryption_in_transit_enabled": null,
            "launch_mode": "PARAVIRTUALIZED",
            "launch_options": [
              {
                "boot_volume_type": "PARAVIRTUALIZED",
                "firmware": "UEFI_64",
                "is_consistent_volume_naming_enabled": true,
                "is_pv_encryption_in_transit_enabled": false,
                "network_type": "PARAVIRTUALIZED",
                "remote_data_volume_type": "PARAVIRTUALIZED"
              }
            ],
            "launch_volume_attachments": null,
            "licensing_configs": [],
            "metadata": {
              "ssh_authorized_keys": "ssh-rsa AAAAB3NzaC1yc2EAAAADAQABAAACAQDi7dWcWn0+ciNUI35ItsmchDxEV8+HyRmVvGVo1I9gbDI7Y+k4KkW1fdls1YfgzuLdah61SLvlnSRjG6D33EmaKL6l9GjzLIFNDPR9InTT2iPBGzm/bVy6jXYBT5+r4Yriw3ggxeudu6vkSxjBzXch3Dgkj58xcHt9qRbVPp9iEnBbBvBEHEuJ+Gnx4xBDhXS/ZXANwAAfgO/Y0SNSzjsOoFCG8diBJ3gT6fyIVrMxVHFk7n21k7Ef4SaYv6uV8xy2rGg3d/ji+AUjQMQircO8uLlNp6PvkpJi2PA/4vebpJETTMfZP/2kVV97Xa8eQEQC4soLQb6V1GlZACKUSDME7im2wEL39KkGJi1EVGSUjXWdk3Y19j+6+mxW5K5zSQezdzFiktl1pA14C/0cio+QN/Pdl02afJjOdvdeaO5CHYUpsXnt1WC3wOOkW9A1SkM8gmB/Af0EhCQLd4y5YWqPQENFW3w1g6l2TMDEv3Npj+eDN92PqmLJ5E6KBp3Hs8JI3+1XAZzJqp3h9+strqVpnb26pBzv8BFeM/kvcmnMCcA4gdtAq4YE4M2dpcalDANtwnSBe8IlO1LimIvFjaRW0JqJteB0dF5j2SpNeEvLbl8RVzwizBJnQiTkLER7E3HeTtzoF8CgTCcUaS+SEPbvLQ2k6wqeOpHDzoCwWO4Obw== rstyczynski@rstyczynski-mac"
            },
            "placement_constraint_details": [],
            "platform_config": [],
            "preemptible_instance_config": [],
            "preserve_boot_volume": null,
            "preserve_data_volumes_created_at_launch": null,
            "private_ip": "10.0.1.80",
            "public_ip": "144.24.248.157",
            "region": "eu-zurich-1",
            "security_attributes": {},
            "security_attributes_state": "STABLE",
            "shape": "VM.Standard.E4.Flex",
            "shape_config": [
              {
                "baseline_ocpu_utilization": "",
                "gpu_description": "",
                "gpus": 0,
                "local_disk_description": "",
                "local_disks": 0,
                "local_disks_total_size_in_gbs": 0,
                "max_vnic_attachments": 2,
                "memory_in_gbs": 16,
                "networking_bandwidth_in_gbps": 1,
                "nvmes": 0,
                "ocpus": 1,
                "processor_description": "2.55 GHz AMD EPYC™ 7J13 (Milan)",
                "resource_management": "",
                "vcpus": 2
              }
            ],
            "source_details": [
              {
                "boot_volume_size_in_gbs": "50",
                "boot_volume_vpus_per_gb": "10",
                "instance_source_image_filter_details": [],
                "is_preserve_boot_volume_enabled": false,
                "kms_key_id": "",
                "source_id": "ocid1.image.oc1.eu-zurich-1.aaaaaaaaykavmggnqfvydvhgj6r2zqvikznlx6rhqnquyd2eltmalvsca2gq",
                "source_type": "image"
              }
            ],
            "state": "RUNNING",
            "subnet_id": "ocid1.subnet.oc1.eu-zurich-1.aaaaaaaacti3mldqsnm7mfcey2e7deq6gvxamczfsjgdovrjoa7hxsjj2kkq",
            "system_tags": {},
            "time_created": "2025-11-29 10:09:36.705 +0000 UTC",
            "time_maintenance_reboot_due": "",
            "timeouts": null,
            "update_operation_constraint": null
          },
          "sensitive_attributes": [],
          "private": "eyJlMmJmYjczMC1lY2FhLTExZTYtOGY4OC0zNDM2M2JjN2M0YzAiOnsiY3JlYXRlIjoyNzAwMDAwMDAwMDAwLCJkZWxldGUiOjQ1MDAwMDAwMDAwMDAsInVwZGF0ZSI6MjcwMDAwMDAwMDAwMH19",
          "dependencies": [
            "data.oci_identity_availability_domains.ads",
            "module.app1_compute_instances.data.oci_core_images.ol8",
            "module.app1_nsgs.oci_core_network_security_group.this",
            "module.app1_nsgs.oci_core_network_security_group_security_rule.this",
            "module.app2_nsgs.oci_core_network_security_group.this",
            "module.app2_nsgs.oci_core_network_security_group_security_rule.this",
            "module.compartments.module.compartment_level_1.oci_identity_compartment.this",
            "module.compartments.module.compartment_level_2.oci_identity_compartment.this",
            "module.compartments.module.compartment_level_3.oci_identity_compartment.this",
            "module.compartments.module.compartment_level_4.oci_identity_compartment.this",
            "module.compartments.module.compartment_level_5.oci_identity_compartment.this",
            "module.compartments.module.compartment_level_6.oci_identity_compartment.this",
            "module.subnets.oci_core_subnet.this",
            "module.vcns.oci_core_default_route_table.this",
            "module.vcns.oci_core_internet_gateway.this",
            "module.vcns.oci_core_vcn.this"
          ]
        }
      ]
    },
    {
      "module": "module.app1_nsgs[\"nsg://vm_demo/demo/demo_vcn/ssh\"]",
      "mode": "managed",
      "type": "oci_core_network_security_group",
      "name": "this",
      "provider": "provider[\"registry.terraform.io/hashicorp/oci\"]",
      "instances": [
        {
          "schema_version": 0,
          "attributes": {
            "compartment_id": "ocid1.compartment.oc1..aaaaaaaa3ze5cwuso2kggf7isu4bm5ue523jov5nul6insm6iouy2iiq7qla",
            "defined_tags": {
              "Oracle-Tags.CreatedBy": "default/ryszard.styczynski@avaloq.com",
              "Oracle-Tags.CreatedOn": "2025-11-29T10:09:34.989Z"
            },
            "display_name": "ssh",
            "freeform_tags": {
              "component": "oci-vending-machine",
              "managed_by": "terraform"
            },
            "id": "ocid1.networksecuritygroup.oc1.eu-zurich-1.aaaaaaaamnuzpkbyrvnddcgsqs4npi2ioitepf6xyk5lcmggoxvpzdybcaaq",
            "state": "AVAILABLE",
            "time_created": "2025-11-29 10:09:35.053 +0000 UTC",
            "timeouts": null,
            "vcn_id": "ocid1.vcn.oc1.eu-zurich-1.amaaaaaaknhfuyiau7htppo4tbfpjpaqukkyjt2oa6jqi47447g3bnru6nja"
          },
          "sensitive_attributes": [],
          "private": "eyJlMmJmYjczMC1lY2FhLTExZTYtOGY4OC0zNDM2M2JjN2M0YzAiOnsiY3JlYXRlIjoxMjAwMDAwMDAwMDAwLCJkZWxldGUiOjEyMDAwMDAwMDAwMDAsInVwZGF0ZSI6MTIwMDAwMDAwMDAwMH19",
          "dependencies": [
            "module.compartments.module.compartment_level_1.oci_identity_compartment.this",
            "module.compartments.module.compartment_level_2.oci_identity_compartment.this",
            "module.compartments.module.compartment_level_3.oci_identity_compartment.this",
            "module.compartments.module.compartment_level_4.oci_identity_compartment.this",
            "module.compartments.module.compartment_level_5.oci_identity_compartment.this",
            "module.compartments.module.compartment_level_6.oci_identity_compartment.this",
            "module.subnets.oci_core_subnet.this",
            "module.vcns.oci_core_default_route_table.this",
            "module.vcns.oci_core_internet_gateway.this",
            "module.vcns.oci_core_vcn.this"
          ]
        }
      ]
    },
    {
      "module": "module.app1_nsgs[\"nsg://vm_demo/demo/demo_vcn/ssh\"]",
      "mode": "managed",
      "type": "oci_core_network_security_group_security_rule",
      "name": "this",
      "provider": "provider[\"registry.terraform.io/hashicorp/oci\"]",
      "instances": [
        {
          "index_key": "all_egress",
          "schema_version": 0,
          "attributes": {
            "description": "Allow all egress traffic",
            "destination": "0.0.0.0/0",
            "destination_type": "CIDR_BLOCK",
            "direction": "EGRESS",
            "icmp_options": [],
            "id": "A5E4F9",
            "is_valid": true,
            "network_security_group_id": "ocid1.networksecuritygroup.oc1.eu-zurich-1.aaaaaaaamnuzpkbyrvnddcgsqs4npi2ioitepf6xyk5lcmggoxvpzdybcaaq",
            "protocol": "all",
            "source": null,
            "source_type": "",
            "stateless": false,
            "tcp_options": [],
            "time_created": "2025-11-29 10:09:35.364 +0000 UTC",
            "timeouts": null,
            "udp_options": []
          },
          "sensitive_attributes": [],
          "private": "eyJlMmJmYjczMC1lY2FhLTExZTYtOGY4OC0zNDM2M2JjN2M0YzAiOnsiY3JlYXRlIjoxMjAwMDAwMDAwMDAwLCJkZWxldGUiOjEyMDAwMDAwMDAwMDAsInVwZGF0ZSI6MTIwMDAwMDAwMDAwMH19",
          "dependencies": [
            "module.app1_nsgs.oci_core_network_security_group.this",
            "module.compartments.module.compartment_level_1.oci_identity_compartment.this",
            "module.compartments.module.compartment_level_2.oci_identity_compartment.this",
            "module.compartments.module.compartment_level_3.oci_identity_compartment.this",
            "module.compartments.module.compartment_level_4.oci_identity_compartment.this",
            "module.compartments.module.compartment_level_5.oci_identity_compartment.this",
            "module.compartments.module.compartment_level_6.oci_identity_compartment.this",
            "module.subnets.oci_core_subnet.this",
            "module.vcns.oci_core_default_route_table.this",
            "module.vcns.oci_core_internet_gateway.this",
            "module.vcns.oci_core_vcn.this"
          ]
        },
        {
          "index_key": "ssh_ingress",
          "schema_version": 0,
          "attributes": {
            "description": "Allow SSH from anywhere",
            "destination": null,
            "destination_type": "",
            "direction": "INGRESS",
            "icmp_options": [],
            "id": "69906F",
            "is_valid": true,
            "network_security_group_id": "ocid1.networksecuritygroup.oc1.eu-zurich-1.aaaaaaaamnuzpkbyrvnddcgsqs4npi2ioitepf6xyk5lcmggoxvpzdybcaaq",
            "protocol": "6",
            "source": "0.0.0.0/0",
            "source_type": "CIDR_BLOCK",
            "stateless": false,
            "tcp_options": [
              {
                "destination_port_range": [
                  {
                    "max": 22,
                    "min": 22
                  }
                ],
                "source_port_range": []
              }
            ],
            "time_created": "2025-11-29 10:09:35.51 +0000 UTC",
            "timeouts": null,
            "udp_options": []
          },
          "sensitive_attributes": [],
          "private": "eyJlMmJmYjczMC1lY2FhLTExZTYtOGY4OC0zNDM2M2JjN2M0YzAiOnsiY3JlYXRlIjoxMjAwMDAwMDAwMDAwLCJkZWxldGUiOjEyMDAwMDAwMDAwMDAsInVwZGF0ZSI6MTIwMDAwMDAwMDAwMH19",
          "dependencies": [
            "module.app1_nsgs.oci_core_network_security_group.this",
            "module.compartments.module.compartment_level_1.oci_identity_compartment.this",
            "module.compartments.module.compartment_level_2.oci_identity_compartment.this",
            "module.compartments.module.compartment_level_3.oci_identity_compartment.this",
            "module.compartments.module.compartment_level_4.oci_identity_compartment.this",
            "module.compartments.module.compartment_level_5.oci_identity_compartment.this",
            "module.compartments.module.compartment_level_6.oci_identity_compartment.this",
            "module.subnets.oci_core_subnet.this",
            "module.vcns.oci_core_default_route_table.this",
            "module.vcns.oci_core_internet_gateway.this",
            "module.vcns.oci_core_vcn.this"
          ]
        }
      ]
    },
    {
      "module": "module.app2_compute_instances[\"instance://vm_demo/demo/app2_instance\"]",
      "mode": "data",
      "type": "oci_core_images",
      "name": "ol8",
      "provider": "provider[\"registry.terraform.io/hashicorp/oci\"]",
      "instances": [
        {
          "index_key": 0,
          "schema_version": 0,
          "attributes": {
            "compartment_id": "ocid1.compartment.oc1..aaaaaaaa3ze5cwuso2kggf7isu4bm5ue523jov5nul6insm6iouy2iiq7qla",
            "display_name": null,
            "filter": null,
            "id": "CoreImagesDataSource-2549098392",
            "images": [
              {
                "agent_features": [],
                "base_image_id": "",
                "billable_size_in_gbs": "6",
                "compartment_id": "",
                "create_image_allowed": true,
                "defined_tags": {},
                "display_name": "Oracle-Linux-8.10-2025.10.23-0",
                "freeform_tags": {},
                "id": "ocid1.image.oc1.eu-zurich-1.aaaaaaaaykavmggnqfvydvhgj6r2zqvikznlx6rhqnquyd2eltmalvsca2gq",
                "image_source_details": [],
                "instance_id": "",
                "launch_mode": "NATIVE",
                "launch_options": [
                  {
                    "boot_volume_type": "PARAVIRTUALIZED",
                    "firmware": "UEFI_64",
                    "is_consistent_volume_naming_enabled": true,
                    "is_pv_encryption_in_transit_enabled": true,
                    "network_type": "PARAVIRTUALIZED",
                    "remote_data_volume_type": "PARAVIRTUALIZED"
                  }
                ],
                "listing_type": "",
                "operating_system": "Oracle Linux",
                "operating_system_version": "8",
                "size_in_mbs": "47719",
                "state": "AVAILABLE",
                "time_created": "2025-11-10 05:52:35.408 +0000 UTC"
              },
              {
                "agent_features": [],
                "base_image_id": "",
                "billable_size_in_gbs": "6",
                "compartment_id": "",
                "create_image_allowed": true,
                "defined_tags": {},
                "display_name": "Oracle-Linux-8.10-2025.09.16-0",
                "freeform_tags": {},
                "id": "ocid1.image.oc1.eu-zurich-1.aaaaaaaandotlaavzcyemssrejf44cta5wcrhqw2edboxmnoevaysxrrjhrq",
                "image_source_details": [],
                "instance_id": "",
                "launch_mode": "NATIVE",
                "launch_options": [
                  {
                    "boot_volume_type": "PARAVIRTUALIZED",
                    "firmware": "UEFI_64",
                    "is_consistent_volume_naming_enabled": true,
                    "is_pv_encryption_in_transit_enabled": true,
                    "network_type": "PARAVIRTUALIZED",
                    "remote_data_volume_type": "PARAVIRTUALIZED"
                  }
                ],
                "listing_type": "",
                "operating_system": "Oracle Linux",
                "operating_system_version": "8",
                "size_in_mbs": "47719",
                "state": "AVAILABLE",
                "time_created": "2025-09-24 04:09:36.212 +0000 UTC"
              },
              {
                "agent_features": [],
                "base_image_id": "",
                "billable_size_in_gbs": "6",
                "compartment_id": "",
                "create_image_allowed": true,
                "defined_tags": {},
                "display_name": "Oracle-Linux-8.10-2025.08.31-0",
                "freeform_tags": {},
                "id": "ocid1.image.oc1.eu-zurich-1.aaaaaaaabthkpjj2kws5lerlhsobw6aut73lasfbqfusaik4dtvpaxzqlw3a",
                "image_source_details": [],
                "instance_id": "",
                "launch_mode": "NATIVE",
                "launch_options": [
                  {
                    "boot_volume_type": "PARAVIRTUALIZED",
                    "firmware": "UEFI_64",
                    "is_consistent_volume_naming_enabled": true,
                    "is_pv_encryption_in_transit_enabled": true,
                    "network_type": "PARAVIRTUALIZED",
                    "remote_data_volume_type": "PARAVIRTUALIZED"
                  }
                ],
                "listing_type": "",
                "operating_system": "Oracle Linux",
                "operating_system_version": "8",
                "size_in_mbs": "47719",
                "state": "AVAILABLE",
                "time_created": "2025-09-03 04:03:02.227 +0000 UTC"
              }
            ],
            "operating_system": "Oracle Linux",
            "operating_system_version": "8",
            "shape": "VM.Standard.E4.Flex",
            "sort_by": "TIMECREATED",
            "sort_order": "DESC",
            "state": null
          },
          "sensitive_attributes": []
        }
      ]
    },
    {
      "module": "module.app2_compute_instances[\"instance://vm_demo/demo/app2_instance\"]",
      "mode": "managed",
      "type": "oci_core_instance",
      "name": "this",
      "provider": "provider[\"registry.terraform.io/hashicorp/oci\"]",
      "instances": [
        {
          "schema_version": 0,
          "attributes": {
            "agent_config": [
              {
                "are_all_plugins_disabled": false,
                "is_management_disabled": false,
                "is_monitoring_disabled": false,
                "plugins_config": []
              }
            ],
            "async": null,
            "availability_config": [
              {
                "is_live_migration_preferred": false,
                "recovery_action": "RESTORE_INSTANCE"
              }
            ],
            "availability_domain": "jJRq:EU-ZURICH-1-AD-1",
            "boot_volume_id": "ocid1.bootvolume.oc1.eu-zurich-1.ab5heljrtchtkcy74ly276nhrdgjscmfofrsqbfmbmbbbdt5o3jc7yickera",
            "capacity_reservation_id": null,
            "cluster_placement_group_id": null,
            "compartment_id": "ocid1.compartment.oc1..aaaaaaaa3ze5cwuso2kggf7isu4bm5ue523jov5nul6insm6iouy2iiq7qla",
            "compute_cluster_id": null,
            "create_vnic_details": [
              {
                "assign_ipv6ip": false,
                "assign_private_dns_record": false,
                "assign_public_ip": "true",
                "defined_tags": {
                  "Oracle-Tags.CreatedBy": "default/ryszard.styczynski@avaloq.com",
                  "Oracle-Tags.CreatedOn": "2025-11-29T10:09:36.308Z"
                },
                "display_name": "app2_instance-vnic",
                "freeform_tags": {
                  "component": "oci-vending-machine",
                  "managed_by": "terraform"
                },
                "hostname_label": "app2-instance-vnic",
                "ipv6address_ipv6subnet_cidr_pair_details": [],
                "nsg_ids": [
                  "ocid1.networksecuritygroup.oc1.eu-zurich-1.aaaaaaaa34lfa5hcksxkvafrmqpwfg2xnrv4ttges56qspxdivagdpjfjb3q"
                ],
                "private_ip": "10.0.1.208",
                "security_attributes": {},
                "skip_source_dest_check": false,
                "subnet_cidr": "",
                "subnet_id": "ocid1.subnet.oc1.eu-zurich-1.aaaaaaaacti3mldqsnm7mfcey2e7deq6gvxamczfsjgdovrjoa7hxsjj2kkq",
                "vlan_id": ""
              }
            ],
            "dedicated_vm_host_id": null,
            "defined_tags": {
              "Oracle-Tags.CreatedBy": "default/ryszard.styczynski@avaloq.com",
              "Oracle-Tags.CreatedOn": "2025-11-29T10:09:36.236Z"
            },
            "display_name": "app2_instance",
            "extended_metadata": {},
            "fault_domain": "FAULT-DOMAIN-3",
            "freeform_tags": {
              "component": "oci-vending-machine",
              "managed_by": "terraform"
            },
            "hostname_label": "app2-instance-vnic",
            "id": "ocid1.instance.oc1.eu-zurich-1.an5heljrknhfuyic5uoi5pigutouihjyvlnfpjx7y3ghjdrgdljubcwhinfa",
            "image": "ocid1.image.oc1.eu-zurich-1.aaaaaaaaykavmggnqfvydvhgj6r2zqvikznlx6rhqnquyd2eltmalvsca2gq",
            "instance_configuration_id": null,
            "instance_options": [
              {
                "are_legacy_imds_endpoints_disabled": false
              }
            ],
            "ipxe_script": null,
            "is_ai_enterprise_enabled": null,
            "is_cross_numa_node": false,
            "is_pv_encryption_in_transit_enabled": null,
            "launch_mode": "PARAVIRTUALIZED",
            "launch_options": [
              {
                "boot_volume_type": "PARAVIRTUALIZED",
                "firmware": "UEFI_64",
                "is_consistent_volume_naming_enabled": true,
                "is_pv_encryption_in_transit_enabled": false,
                "network_type": "PARAVIRTUALIZED",
                "remote_data_volume_type": "PARAVIRTUALIZED"
              }
            ],
            "launch_volume_attachments": null,
            "licensing_configs": [],
            "metadata": {
              "ssh_authorized_keys": "ssh-rsa AAAAB3NzaC1yc2EAAAADAQABAAACAQDi7dWcWn0+ciNUI35ItsmchDxEV8+HyRmVvGVo1I9gbDI7Y+k4KkW1fdls1YfgzuLdah61SLvlnSRjG6D33EmaKL6l9GjzLIFNDPR9InTT2iPBGzm/bVy6jXYBT5+r4Yriw3ggxeudu6vkSxjBzXch3Dgkj58xcHt9qRbVPp9iEnBbBvBEHEuJ+Gnx4xBDhXS/ZXANwAAfgO/Y0SNSzjsOoFCG8diBJ3gT6fyIVrMxVHFk7n21k7Ef4SaYv6uV8xy2rGg3d/ji+AUjQMQircO8uLlNp6PvkpJi2PA/4vebpJETTMfZP/2kVV97Xa8eQEQC4soLQb6V1GlZACKUSDME7im2wEL39KkGJi1EVGSUjXWdk3Y19j+6+mxW5K5zSQezdzFiktl1pA14C/0cio+QN/Pdl02afJjOdvdeaO5CHYUpsXnt1WC3wOOkW9A1SkM8gmB/Af0EhCQLd4y5YWqPQENFW3w1g6l2TMDEv3Npj+eDN92PqmLJ5E6KBp3Hs8JI3+1XAZzJqp3h9+strqVpnb26pBzv8BFeM/kvcmnMCcA4gdtAq4YE4M2dpcalDANtwnSBe8IlO1LimIvFjaRW0JqJteB0dF5j2SpNeEvLbl8RVzwizBJnQiTkLER7E3HeTtzoF8CgTCcUaS+SEPbvLQ2k6wqeOpHDzoCwWO4Obw== rstyczynski@rstyczynski-mac"
            },
            "placement_constraint_details": [],
            "platform_config": [],
            "preemptible_instance_config": [],
            "preserve_boot_volume": null,
            "preserve_data_volumes_created_at_launch": null,
            "private_ip": "10.0.1.208",
            "public_ip": "152.67.91.151",
            "region": "eu-zurich-1",
            "security_attributes": {},
            "security_attributes_state": "STABLE",
            "shape": "VM.Standard.E4.Flex",
            "shape_config": [
              {
                "baseline_ocpu_utilization": "",
                "gpu_description": "",
                "gpus": 0,
                "local_disk_description": "",
                "local_disks": 0,
                "local_disks_total_size_in_gbs": 0,
                "max_vnic_attachments": 2,
                "memory_in_gbs": 16,
                "networking_bandwidth_in_gbps": 1,
                "nvmes": 0,
                "ocpus": 1,
                "processor_description": "2.55 GHz AMD EPYC™ 7J13 (Milan)",
                "resource_management": "",
                "vcpus": 2
              }
            ],
            "source_details": [
              {
                "boot_volume_size_in_gbs": "50",
                "boot_volume_vpus_per_gb": "10",
                "instance_source_image_filter_details": [],
                "is_preserve_boot_volume_enabled": false,
                "kms_key_id": "",
                "source_id": "ocid1.image.oc1.eu-zurich-1.aaaaaaaaykavmggnqfvydvhgj6r2zqvikznlx6rhqnquyd2eltmalvsca2gq",
                "source_type": "image"
              }
            ],
            "state": "RUNNING",
            "subnet_id": "ocid1.subnet.oc1.eu-zurich-1.aaaaaaaacti3mldqsnm7mfcey2e7deq6gvxamczfsjgdovrjoa7hxsjj2kkq",
            "system_tags": {},
            "time_created": "2025-11-29 10:09:36.813 +0000 UTC",
            "time_maintenance_reboot_due": "",
            "timeouts": null,
            "update_operation_constraint": null
          },
          "sensitive_attributes": [],
          "private": "eyJlMmJmYjczMC1lY2FhLTExZTYtOGY4OC0zNDM2M2JjN2M0YzAiOnsiY3JlYXRlIjoyNzAwMDAwMDAwMDAwLCJkZWxldGUiOjQ1MDAwMDAwMDAwMDAsInVwZGF0ZSI6MjcwMDAwMDAwMDAwMH19",
          "dependencies": [
            "data.oci_identity_availability_domains.ads",
            "module.app1_nsgs.oci_core_network_security_group.this",
            "module.app1_nsgs.oci_core_network_security_group_security_rule.this",
            "module.app2_compute_instances.data.oci_core_images.ol8",
            "module.app2_nsgs.oci_core_network_security_group.this",
            "module.app2_nsgs.oci_core_network_security_group_security_rule.this",
            "module.compartments.module.compartment_level_1.oci_identity_compartment.this",
            "module.compartments.module.compartment_level_2.oci_identity_compartment.this",
            "module.compartments.module.compartment_level_3.oci_identity_compartment.this",
            "module.compartments.module.compartment_level_4.oci_identity_compartment.this",
            "module.compartments.module.compartment_level_5.oci_identity_compartment.this",
            "module.compartments.module.compartment_level_6.oci_identity_compartment.this",
            "module.subnets.oci_core_subnet.this",
            "module.vcns.oci_core_default_route_table.this",
            "module.vcns.oci_core_internet_gateway.this",
            "module.vcns.oci_core_vcn.this"
          ]
        }
      ]
    },
    {
      "module": "module.app2_nsgs[\"nsg://vm_demo/demo/demo_vcn/app2_web\"]",
      "mode": "managed",
      "type": "oci_core_network_security_group",
      "name": "this",
      "provider": "provider[\"registry.terraform.io/hashicorp/oci\"]",
      "instances": [
        {
          "schema_version": 0,
          "attributes": {
            "compartment_id": "ocid1.compartment.oc1..aaaaaaaa3ze5cwuso2kggf7isu4bm5ue523jov5nul6insm6iouy2iiq7qla",
            "defined_tags": {
              "Oracle-Tags.CreatedBy": "default/ryszard.styczynski@avaloq.com",
              "Oracle-Tags.CreatedOn": "2025-11-29T10:09:34.995Z"
            },
            "display_name": "app2_web",
            "freeform_tags": {
              "component": "oci-vending-machine",
              "managed_by": "terraform"
            },
            "id": "ocid1.networksecuritygroup.oc1.eu-zurich-1.aaaaaaaa34lfa5hcksxkvafrmqpwfg2xnrv4ttges56qspxdivagdpjfjb3q",
            "state": "AVAILABLE",
            "time_created": "2025-11-29 10:09:35.053 +0000 UTC",
            "timeouts": null,
            "vcn_id": "ocid1.vcn.oc1.eu-zurich-1.amaaaaaaknhfuyiau7htppo4tbfpjpaqukkyjt2oa6jqi47447g3bnru6nja"
          },
          "sensitive_attributes": [],
          "private": "eyJlMmJmYjczMC1lY2FhLTExZTYtOGY4OC0zNDM2M2JjN2M0YzAiOnsiY3JlYXRlIjoxMjAwMDAwMDAwMDAwLCJkZWxldGUiOjEyMDAwMDAwMDAwMDAsInVwZGF0ZSI6MTIwMDAwMDAwMDAwMH19",
          "dependencies": [
            "module.compartments.module.compartment_level_1.oci_identity_compartment.this",
            "module.compartments.module.compartment_level_2.oci_identity_compartment.this",
            "module.compartments.module.compartment_level_3.oci_identity_compartment.this",
            "module.compartments.module.compartment_level_4.oci_identity_compartment.this",
            "module.compartments.module.compartment_level_5.oci_identity_compartment.this",
            "module.compartments.module.compartment_level_6.oci_identity_compartment.this",
            "module.subnets.oci_core_subnet.this",
            "module.vcns.oci_core_default_route_table.this",
            "module.vcns.oci_core_internet_gateway.this",
            "module.vcns.oci_core_vcn.this"
          ]
        }
      ]
    },
    {
      "module": "module.app2_nsgs[\"nsg://vm_demo/demo/demo_vcn/app2_web\"]",
      "mode": "managed",
      "type": "oci_core_network_security_group_security_rule",
      "name": "this",
      "provider": "provider[\"registry.terraform.io/hashicorp/oci\"]",
      "instances": [
        {
          "index_key": "all_egress",
          "schema_version": 0,
          "attributes": {
            "description": "Allow all egress traffic",
            "destination": "0.0.0.0/0",
            "destination_type": "CIDR_BLOCK",
            "direction": "EGRESS",
            "icmp_options": [],
            "id": "CA4067",
            "is_valid": true,
            "network_security_group_id": "ocid1.networksecuritygroup.oc1.eu-zurich-1.aaaaaaaa34lfa5hcksxkvafrmqpwfg2xnrv4ttges56qspxdivagdpjfjb3q",
            "protocol": "all",
            "source": null,
            "source_type": "",
            "stateless": false,
            "tcp_options": [],
            "time_created": "2025-11-29 10:09:35.484 +0000 UTC",
            "timeouts": null,
            "udp_options": []
          },
          "sensitive_attributes": [],
          "private": "eyJlMmJmYjczMC1lY2FhLTExZTYtOGY4OC0zNDM2M2JjN2M0YzAiOnsiY3JlYXRlIjoxMjAwMDAwMDAwMDAwLCJkZWxldGUiOjEyMDAwMDAwMDAwMDAsInVwZGF0ZSI6MTIwMDAwMDAwMDAwMH19",
          "dependencies": [
            "module.app2_nsgs.oci_core_network_security_group.this",
            "module.compartments.module.compartment_level_1.oci_identity_compartment.this",
            "module.compartments.module.compartment_level_2.oci_identity_compartment.this",
            "module.compartments.module.compartment_level_3.oci_identity_compartment.this",
            "module.compartments.module.compartment_level_4.oci_identity_compartment.this",
            "module.compartments.module.compartment_level_5.oci_identity_compartment.this",
            "module.compartments.module.compartment_level_6.oci_identity_compartment.this",
            "module.subnets.oci_core_subnet.this",
            "module.vcns.oci_core_default_route_table.this",
            "module.vcns.oci_core_internet_gateway.this",
            "module.vcns.oci_core_vcn.this"
          ]
        },
        {
          "index_key": "http_ingress",
          "schema_version": 0,
          "attributes": {
            "description": "Allow HTTP from anywhere",
            "destination": null,
            "destination_type": "",
            "direction": "INGRESS",
            "icmp_options": [],
            "id": "62AC4F",
            "is_valid": true,
            "network_security_group_id": "ocid1.networksecuritygroup.oc1.eu-zurich-1.aaaaaaaa34lfa5hcksxkvafrmqpwfg2xnrv4ttges56qspxdivagdpjfjb3q",
            "protocol": "6",
            "source": "0.0.0.0/0",
            "source_type": "CIDR_BLOCK",
            "stateless": false,
            "tcp_options": [
              {
                "destination_port_range": [
                  {
                    "max": 80,
                    "min": 80
                  }
                ],
                "source_port_range": []
              }
            ],
            "time_created": "2025-11-29 10:09:35.57 +0000 UTC",
            "timeouts": null,
            "udp_options": []
          },
          "sensitive_attributes": [],
          "private": "eyJlMmJmYjczMC1lY2FhLTExZTYtOGY4OC0zNDM2M2JjN2M0YzAiOnsiY3JlYXRlIjoxMjAwMDAwMDAwMDAwLCJkZWxldGUiOjEyMDAwMDAwMDAwMDAsInVwZGF0ZSI6MTIwMDAwMDAwMDAwMH19",
          "dependencies": [
            "module.app2_nsgs.oci_core_network_security_group.this",
            "module.compartments.module.compartment_level_1.oci_identity_compartment.this",
            "module.compartments.module.compartment_level_2.oci_identity_compartment.this",
            "module.compartments.module.compartment_level_3.oci_identity_compartment.this",
            "module.compartments.module.compartment_level_4.oci_identity_compartment.this",
            "module.compartments.module.compartment_level_5.oci_identity_compartment.this",
            "module.compartments.module.compartment_level_6.oci_identity_compartment.this",
            "module.subnets.oci_core_subnet.this",
            "module.vcns.oci_core_default_route_table.this",
            "module.vcns.oci_core_internet_gateway.this",
            "module.vcns.oci_core_vcn.this"
          ]
        },
        {
          "index_key": "https_ingress",
          "schema_version": 0,
          "attributes": {
            "description": "Allow HTTPS from anywhere",
            "destination": null,
            "destination_type": "",
            "direction": "INGRESS",
            "icmp_options": [],
            "id": "0CF293",
            "is_valid": true,
            "network_security_group_id": "ocid1.networksecuritygroup.oc1.eu-zurich-1.aaaaaaaa34lfa5hcksxkvafrmqpwfg2xnrv4ttges56qspxdivagdpjfjb3q",
            "protocol": "6",
            "source": "0.0.0.0/0",
            "source_type": "CIDR_BLOCK",
            "stateless": false,
            "tcp_options": [
              {
                "destination_port_range": [
                  {
                    "max": 443,
                    "min": 443
                  }
                ],
                "source_port_range": []
              }
            ],
            "time_created": "2025-11-29 10:09:35.386 +0000 UTC",
            "timeouts": null,
            "udp_options": []
          },
          "sensitive_attributes": [],
          "private": "eyJlMmJmYjczMC1lY2FhLTExZTYtOGY4OC0zNDM2M2JjN2M0YzAiOnsiY3JlYXRlIjoxMjAwMDAwMDAwMDAwLCJkZWxldGUiOjEyMDAwMDAwMDAwMDAsInVwZGF0ZSI6MTIwMDAwMDAwMDAwMH19",
          "dependencies": [
            "module.app2_nsgs.oci_core_network_security_group.this",
            "module.compartments.module.compartment_level_1.oci_identity_compartment.this",
            "module.compartments.module.compartment_level_2.oci_identity_compartment.this",
            "module.compartments.module.compartment_level_3.oci_identity_compartment.this",
            "module.compartments.module.compartment_level_4.oci_identity_compartment.this",
            "module.compartments.module.compartment_level_5.oci_identity_compartment.this",
            "module.compartments.module.compartment_level_6.oci_identity_compartment.this",
            "module.subnets.oci_core_subnet.this",
            "module.vcns.oci_core_default_route_table.this",
            "module.vcns.oci_core_internet_gateway.this",
            "module.vcns.oci_core_vcn.this"
          ]
        }
      ]
    },
    {
      "module": "module.compartments.module.compartment_level_1[\"cmp://vm_demo\"]",
      "mode": "managed",
      "type": "oci_identity_compartment",
      "name": "this",
      "provider": "provider[\"registry.terraform.io/hashicorp/oci\"]",
      "instances": [
        {
          "schema_version": 0,
          "attributes": {
            "compartment_id": "ocid1.tenancy.oc1..aaaaaaaay2b2tvqcmqmndvcbz5kuptzuo7sp4vufarqfgoru7qojdgywb27a",
            "defined_tags": {
              "Oracle-Tags.CreatedBy": "default/ryszard.styczynski@avaloq.com",
              "Oracle-Tags.CreatedOn": "2025-11-29T07:01:09.375Z"
            },
            "description": "Intermediate compartment level",
            "enable_delete": false,
            "freeform_tags": {
              "component": "oci-vending-machine",
              "managed_by": "terraform"
            },
            "id": "ocid1.compartment.oc1..aaaaaaaaeix6h7pxpffe6g3ppmwgmydcslsm35tqfcfnoo4wwjv3uesgqtia",
            "inactive_state": null,
            "is_accessible": true,
            "name": "vm_demo",
            "state": "ACTIVE",
            "time_created": "2025-11-29 07:01:09.492 +0000 UTC",
            "timeouts": null
          },
          "sensitive_attributes": [],
          "private": "eyJlMmJmYjczMC1lY2FhLTExZTYtOGY4OC0zNDM2M2JjN2M0YzAiOnsiZGVsZXRlIjo1NDAwMDAwMDAwMDAwfX0="
        }
      ]
    },
    {
      "module": "module.compartments.module.compartment_level_2[\"cmp://vm_demo/demo\"]",
      "mode": "managed",
      "type": "oci_identity_compartment",
      "name": "this",
      "provider": "provider[\"registry.terraform.io/hashicorp/oci\"]",
      "instances": [
        {
          "schema_version": 0,
          "attributes": {
            "compartment_id": "ocid1.compartment.oc1..aaaaaaaaeix6h7pxpffe6g3ppmwgmydcslsm35tqfcfnoo4wwjv3uesgqtia",
            "defined_tags": {
              "Oracle-Tags.CreatedBy": "default/ryszard.styczynski@avaloq.com",
              "Oracle-Tags.CreatedOn": "2025-11-29T07:16:45.942Z"
            },
            "description": "Demo compartment for OCI Vending Machine",
            "enable_delete": true,
            "freeform_tags": {
              "component": "oci-vending-machine",
              "managed_by": "terraform"
            },
            "id": "ocid1.compartment.oc1..aaaaaaaa3ze5cwuso2kggf7isu4bm5ue523jov5nul6insm6iouy2iiq7qla",
            "inactive_state": null,
            "is_accessible": true,
            "name": "demo",
            "state": "ACTIVE",
            "time_created": "2025-11-29 07:16:45.992 +0000 UTC",
            "timeouts": null
          },
          "sensitive_attributes": [],
          "private": "eyJlMmJmYjczMC1lY2FhLTExZTYtOGY4OC0zNDM2M2JjN2M0YzAiOnsiZGVsZXRlIjo1NDAwMDAwMDAwMDAwfX0=",
          "dependencies": [
            "module.compartments.module.compartment_level_1.oci_identity_compartment.this"
          ]
        }
      ]
    },
    {
      "module": "module.subnets[\"sub://vm_demo/demo/demo_vcn/public_subnet\"]",
      "mode": "managed",
      "type": "oci_core_subnet",
      "name": "this",
      "provider": "provider[\"registry.terraform.io/hashicorp/oci\"]",
      "instances": [
        {
          "schema_version": 0,
          "attributes": {
            "availability_domain": null,
            "cidr_block": "10.0.1.0/24",
            "compartment_id": "ocid1.compartment.oc1..aaaaaaaa3ze5cwuso2kggf7isu4bm5ue523jov5nul6insm6iouy2iiq7qla",
            "defined_tags": {
              "Oracle-Tags.CreatedBy": "default/ryszard.styczynski@avaloq.com",
              "Oracle-Tags.CreatedOn": "2025-11-29T07:17:08.667Z"
            },
            "dhcp_options_id": "ocid1.dhcpoptions.oc1.eu-zurich-1.aaaaaaaa2n57j2d5wcpmy73ipwzd72dppc5zbspclvsjra3zqkss665rieya",
            "display_name": "public_subnet",
            "dns_label": "public",
            "freeform_tags": {
              "component": "oci-vending-machine",
              "managed_by": "terraform"
            },
            "id": "ocid1.subnet.oc1.eu-zurich-1.aaaaaaaacti3mldqsnm7mfcey2e7deq6gvxamczfsjgdovrjoa7hxsjj2kkq",
            "ipv4cidr_blocks": [
              "10.0.1.0/24"
            ],
            "ipv6cidr_block": null,
            "ipv6cidr_blocks": [],
            "ipv6virtual_router_ip": null,
            "prohibit_internet_ingress": false,
            "prohibit_public_ip_on_vnic": false,
            "route_table_id": "ocid1.routetable.oc1.eu-zurich-1.aaaaaaaa74p2rvipri3ovbr24yk6pshrsst77lvdxkoffylscyrukm4zodkq",
            "security_list_ids": [
              "ocid1.securitylist.oc1.eu-zurich-1.aaaaaaaabb254pefdrgtefjtrx24j4jwlquxy3csqiwiqjh6akkaya5yl6ra"
            ],
            "state": "AVAILABLE",
            "subnet_domain_name": "public.demovcn.oraclevcn.com",
            "time_created": "2025-11-29 07:17:08.705 +0000 UTC",
            "timeouts": null,
            "vcn_id": "ocid1.vcn.oc1.eu-zurich-1.amaaaaaaknhfuyiau7htppo4tbfpjpaqukkyjt2oa6jqi47447g3bnru6nja",
            "virtual_router_ip": "10.0.1.1",
            "virtual_router_mac": "00:00:17:CD:37:CC"
          },
          "sensitive_attributes": [],
          "private": "eyJlMmJmYjczMC1lY2FhLTExZTYtOGY4OC0zNDM2M2JjN2M0YzAiOnsiY3JlYXRlIjoxMjAwMDAwMDAwMDAwLCJkZWxldGUiOjEyMDAwMDAwMDAwMDAsInVwZGF0ZSI6MTIwMDAwMDAwMDAwMH19",
          "dependencies": [
            "module.compartments.module.compartment_level_1.oci_identity_compartment.this",
            "module.compartments.module.compartment_level_2.oci_identity_compartment.this",
            "module.compartments.module.compartment_level_3.oci_identity_compartment.this",
            "module.compartments.module.compartment_level_4.oci_identity_compartment.this",
            "module.compartments.module.compartment_level_5.oci_identity_compartment.this",
            "module.compartments.module.compartment_level_6.oci_identity_compartment.this",
            "module.vcns.oci_core_default_route_table.this",
            "module.vcns.oci_core_internet_gateway.this",
            "module.vcns.oci_core_vcn.this"
          ]
        }
      ]
    },
    {
      "module": "module.vcns[\"vcn://vm_demo/demo/demo_vcn\"]",
      "mode": "managed",
      "type": "oci_core_default_route_table",
      "name": "this",
      "provider": "provider[\"registry.terraform.io/hashicorp/oci\"]",
      "instances": [
        {
          "index_key": 0,
          "schema_version": 0,
          "attributes": {
            "compartment_id": "ocid1.compartment.oc1..aaaaaaaa3ze5cwuso2kggf7isu4bm5ue523jov5nul6insm6iouy2iiq7qla",
            "defined_tags": {
              "Oracle-Tags.CreatedBy": "default/ryszard.styczynski@avaloq.com",
              "Oracle-Tags.CreatedOn": "2025-11-29T07:17:07.222Z"
            },
            "display_name": "demo_vcn-default-rt",
            "freeform_tags": {
              "component": "oci-vending-machine",
              "managed_by": "terraform"
            },
            "id": "ocid1.routetable.oc1.eu-zurich-1.aaaaaaaa74p2rvipri3ovbr24yk6pshrsst77lvdxkoffylscyrukm4zodkq",
            "manage_default_resource_id": "ocid1.routetable.oc1.eu-zurich-1.aaaaaaaa74p2rvipri3ovbr24yk6pshrsst77lvdxkoffylscyrukm4zodkq",
            "route_rules": [
              {
                "cidr_block": "",
                "description": "",
                "destination": "0.0.0.0/0",
                "destination_type": "CIDR_BLOCK",
                "network_entity_id": "ocid1.internetgateway.oc1.eu-zurich-1.aaaaaaaaqsbh24oryjqnvmvcnrjnj3g4zlgefe4323zssk4n4njtlqp4ed7a",
                "route_type": "STATIC"
              }
            ],
            "state": "AVAILABLE",
            "time_created": "2025-11-29 07:17:07.303 +0000 UTC",
            "timeouts": null
          },
          "sensitive_attributes": [],
          "private": "eyJlMmJmYjczMC1lY2FhLTExZTYtOGY4OC0zNDM2M2JjN2M0YzAiOnsiY3JlYXRlIjoxMjAwMDAwMDAwMDAwLCJkZWxldGUiOjEyMDAwMDAwMDAwMDAsInVwZGF0ZSI6MTIwMDAwMDAwMDAwMH19",
          "dependencies": [
            "module.compartments.module.compartment_level_1.oci_identity_compartment.this",
            "module.compartments.module.compartment_level_2.oci_identity_compartment.this",
            "module.compartments.module.compartment_level_3.oci_identity_compartment.this",
            "module.compartments.module.compartment_level_4.oci_identity_compartment.this",
            "module.compartments.module.compartment_level_5.oci_identity_compartment.this",
            "module.compartments.module.compartment_level_6.oci_identity_compartment.this",
            "module.vcns.oci_core_internet_gateway.this",
            "module.vcns.oci_core_vcn.this"
          ]
        }
      ]
    },
    {
      "module": "module.vcns[\"vcn://vm_demo/demo/demo_vcn\"]",
      "mode": "managed",
      "type": "oci_core_internet_gateway",
      "name": "this",
      "provider": "provider[\"registry.terraform.io/hashicorp/oci\"]",
      "instances": [
        {
          "index_key": 0,
          "schema_version": 0,
          "attributes": {
            "compartment_id": "ocid1.compartment.oc1..aaaaaaaa3ze5cwuso2kggf7isu4bm5ue523jov5nul6insm6iouy2iiq7qla",
            "defined_tags": {
              "Oracle-Tags.CreatedBy": "default/ryszard.styczynski@avaloq.com",
              "Oracle-Tags.CreatedOn": "2025-11-29T07:17:07.721Z"
            },
            "display_name": "demo_vcn-igw",
            "enabled": true,
            "freeform_tags": {
              "component": "oci-vending-machine",
              "managed_by": "terraform"
            },
            "id": "ocid1.internetgateway.oc1.eu-zurich-1.aaaaaaaaqsbh24oryjqnvmvcnrjnj3g4zlgefe4323zssk4n4njtlqp4ed7a",
            "route_table_id": null,
            "state": "AVAILABLE",
            "time_created": "2025-11-29 07:17:07.745 +0000 UTC",
            "timeouts": null,
            "vcn_id": "ocid1.vcn.oc1.eu-zurich-1.amaaaaaaknhfuyiau7htppo4tbfpjpaqukkyjt2oa6jqi47447g3bnru6nja"
          },
          "sensitive_attributes": [],
          "private": "eyJlMmJmYjczMC1lY2FhLTExZTYtOGY4OC0zNDM2M2JjN2M0YzAiOnsiY3JlYXRlIjoxMjAwMDAwMDAwMDAwLCJkZWxldGUiOjEyMDAwMDAwMDAwMDAsInVwZGF0ZSI6MTIwMDAwMDAwMDAwMH19",
          "dependencies": [
            "module.compartments.module.compartment_level_1.oci_identity_compartment.this",
            "module.compartments.module.compartment_level_2.oci_identity_compartment.this",
            "module.compartments.module.compartment_level_3.oci_identity_compartment.this",
            "module.compartments.module.compartment_level_4.oci_identity_compartment.this",
            "module.compartments.module.compartment_level_5.oci_identity_compartment.this",
            "module.compartments.module.compartment_level_6.oci_identity_compartment.this",
            "module.vcns.oci_core_vcn.this"
          ]
        }
      ]
    },
    {
      "module": "module.vcns[\"vcn://vm_demo/demo/demo_vcn\"]",
      "mode": "managed",
      "type": "oci_core_vcn",
      "name": "this",
      "provider": "provider[\"registry.terraform.io/hashicorp/oci\"]",
      "instances": [
        {
          "schema_version": 0,
          "attributes": {
            "byoipv6cidr_blocks": [],
            "byoipv6cidr_details": [],
            "cidr_block": "10.0.0.0/16",
            "cidr_blocks": [
              "10.0.0.0/16"
            ],
            "compartment_id": "ocid1.compartment.oc1..aaaaaaaa3ze5cwuso2kggf7isu4bm5ue523jov5nul6insm6iouy2iiq7qla",
            "default_dhcp_options_id": "ocid1.dhcpoptions.oc1.eu-zurich-1.aaaaaaaa2n57j2d5wcpmy73ipwzd72dppc5zbspclvsjra3zqkss665rieya",
            "default_route_table_id": "ocid1.routetable.oc1.eu-zurich-1.aaaaaaaa74p2rvipri3ovbr24yk6pshrsst77lvdxkoffylscyrukm4zodkq",
            "default_security_list_id": "ocid1.securitylist.oc1.eu-zurich-1.aaaaaaaabb254pefdrgtefjtrx24j4jwlquxy3csqiwiqjh6akkaya5yl6ra",
            "defined_tags": {
              "Oracle-Tags.CreatedBy": "default/ryszard.styczynski@avaloq.com",
              "Oracle-Tags.CreatedOn": "2025-11-29T07:17:07.222Z"
            },
            "display_name": "demo_vcn",
            "dns_label": "demovcn",
            "freeform_tags": {
              "component": "oci-vending-machine",
              "managed_by": "terraform"
            },
            "id": "ocid1.vcn.oc1.eu-zurich-1.amaaaaaaknhfuyiau7htppo4tbfpjpaqukkyjt2oa6jqi47447g3bnru6nja",
            "ipv6cidr_blocks": [],
            "ipv6private_cidr_blocks": [],
            "is_ipv6enabled": false,
            "is_oracle_gua_allocation_enabled": null,
            "security_attributes": {},
            "state": "AVAILABLE",
            "time_created": "2025-11-29 07:17:07.303 +0000 UTC",
            "timeouts": null,
            "vcn_domain_name": "demovcn.oraclevcn.com"
          },
          "sensitive_attributes": [],
          "private": "eyJlMmJmYjczMC1lY2FhLTExZTYtOGY4OC0zNDM2M2JjN2M0YzAiOnsiY3JlYXRlIjoxMjAwMDAwMDAwMDAwLCJkZWxldGUiOjEyMDAwMDAwMDAwMDAsInVwZGF0ZSI6MTIwMDAwMDAwMDAwMH19",
          "dependencies": [
            "module.compartments.module.compartment_level_1.oci_identity_compartment.this",
            "module.compartments.module.compartment_level_2.oci_identity_compartment.this",
            "module.compartments.module.compartment_level_3.oci_identity_compartment.this",
            "module.compartments.module.compartment_level_4.oci_identity_compartment.this",
            "module.compartments.module.compartment_level_5.oci_identity_compartment.this",
            "module.compartments.module.compartment_level_6.oci_identity_compartment.this"
          ]
        }
      ]
    }
  ],
  "check_results": null
}
