{
  "version": 4,
  "terraform_version": "1.5.7",
  "serial": 88,
  "lineage": "b071087b-5141-e8d1-bd39-f2698df73efc",
  "outputs": {
    "app1_compute_instances": {
      "value": {
        "instance://vm_demo/demo/demo_instance": {
          "id": "ocid1.instance.oc1.eu-zurich-1.an5heljrknhfuyic74qkrclqt5ylxpbm2jofoljnwgxlbwejf7txviok7lda",
          "name": "demo_instance",
          "private_ip": "10.0.1.64",
          "public_ip": "",
          "state": "RUNNING"
        }
      },
      "type": [
        "object",
        {
          "instance://vm_demo/demo/demo_instance": [
            "object",
            {
              "id": "string",
              "name": "string",
              "private_ip": "string",
              "public_ip": "string",
              "state": "string"
            }
          ]
        }
      ]
    },
    "app1_nsgs": {
      "value": {
        "nsg://vm_demo/demo/demo_vcn/ssh": {
          "id": "ocid1.networksecuritygroup.oc1.eu-zurich-1.aaaaaaaaovzem7eup4gsy6ylnfallkcugc6jqwao43wauhrblhvgpg46omla",
          "name": "ssh",
          "rules": {
            "all_egress": {
              "description": "Allow all egress traffic",
              "direction": "EGRESS",
              "id": "205C8D",
              "protocol": "all"
            },
            "ssh_ingress": {
              "description": "Allow SSH from anywhere",
              "direction": "INGRESS",
              "id": "900005",
              "protocol": "6"
            }
          }
        }
      },
      "type": [
        "object",
        {
          "nsg://vm_demo/demo/demo_vcn/ssh": [
            "object",
            {
              "id": "string",
              "name": "string",
              "rules": [
                "object",
                {
                  "all_egress": [
                    "object",
                    {
                      "description": "string",
                      "direction": "string",
                      "id": "string",
                      "protocol": "string"
                    }
                  ],
                  "ssh_ingress": [
                    "object",
                    {
                      "description": "string",
                      "direction": "string",
                      "id": "string",
                      "protocol": "string"
                    }
                  ]
                }
              ]
            }
          ]
        }
      ]
    },
    "app2_compute_instances": {
      "value": {
        "instance://vm_demo/demo/app2_instance": {
          "id": "ocid1.instance.oc1.eu-zurich-1.an5heljrknhfuyic5au22bjrxadbxo3ywjqysvxbcxakc5muydl2nxukz4qq",
          "name": "app2_instance",
          "private_ip": "10.0.1.65",
          "public_ip": "",
          "state": "RUNNING"
        }
      },
      "type": [
        "object",
        {
          "instance://vm_demo/demo/app2_instance": [
            "object",
            {
              "id": "string",
              "name": "string",
              "private_ip": "string",
              "public_ip": "string",
              "state": "string"
            }
          ]
        }
      ]
    },
    "app2_nsgs": {
      "value": {
        "nsg://vm_demo/demo/demo_vcn/app2_web": {
          "id": "ocid1.networksecuritygroup.oc1.eu-zurich-1.aaaaaaaarktaumpjvvoladmy6riueq3zpu3fp2sxi5c3lhxw7cbfhp247rma",
          "name": "app2_web",
          "rules": {
            "all_egress": {
              "description": "Allow all egress traffic",
              "direction": "EGRESS",
              "id": "8CF28E",
              "protocol": "all"
            },
            "http_ingress": {
              "description": "Allow HTTP from anywhere",
              "direction": "INGRESS",
              "id": "060790",
              "protocol": "6"
            },
            "https_ingress": {
              "description": "Allow HTTPS from anywhere",
              "direction": "INGRESS",
              "id": "E5BD7C",
              "protocol": "6"
            }
          }
        }
      },
      "type": [
        "object",
        {
          "nsg://vm_demo/demo/demo_vcn/app2_web": [
            "object",
            {
              "id": "string",
              "name": "string",
              "rules": [
                "object",
                {
                  "all_egress": [
                    "object",
                    {
                      "description": "string",
                      "direction": "string",
                      "id": "string",
                      "protocol": "string"
                    }
                  ],
                  "http_ingress": [
                    "object",
                    {
                      "description": "string",
                      "direction": "string",
                      "id": "string",
                      "protocol": "string"
                    }
                  ],
                  "https_ingress": [
                    "object",
                    {
                      "description": "string",
                      "direction": "string",
                      "id": "string",
                      "protocol": "string"
                    }
                  ]
                }
              ]
            }
          ]
        }
      ]
    },
    "app3_compute_instances": {
      "value": {
        "instance://vm_demo/demo/app3_instance": {
          "id": "ocid1.instance.oc1.eu-zurich-1.an5heljrknhfuyicn2orwjg3v3bncwj4cz6agvhod3xzppcniqkeplbvy4mq",
          "name": "app3_instance",
          "private_ip": "10.0.1.81",
          "public_ip": "",
          "state": "RUNNING"
        }
      },
      "type": [
        "object",
        {
          "instance://vm_demo/demo/app3_instance": [
            "object",
            {
              "id": "string",
              "name": "string",
              "private_ip": "string",
              "public_ip": "string",
              "state": "string"
            }
          ]
        }
      ]
    },
    "bastions": {
      "value": {
        "bastion://vm_demo/demo/demo_bastion": {
          "id": "ocid1.bastion.oc1.eu-zurich-1.amaaaaaaknhfuyiai4spi3htwhpbz57hbfftrvevcsqcnbypcuxfm5tu6kda",
          "name": "demo_bastion",
          "state": "ACTIVE"
        }
      },
      "type": [
        "object",
        {
          "bastion://vm_demo/demo/demo_bastion": [
            "object",
            {
              "id": "string",
              "name": "string",
              "state": "string"
            }
          ]
        }
      ]
    },
    "compartments": {
      "value": {
        "cmp://vm_demo": {
          "id": "ocid1.compartment.oc1..aaaaaaaaeix6h7pxpffe6g3ppmwgmydcslsm35tqfcfnoo4wwjv3uesgqtia",
          "name": "vm_demo"
        },
        "cmp://vm_demo/demo": {
          "id": "ocid1.compartment.oc1..aaaaaaaa3ze5cwuso2kggf7isu4bm5ue523jov5nul6insm6iouy2iiq7qla",
          "name": "demo"
        }
      },
      "type": [
        "object",
        {
          "cmp://vm_demo": [
            "object",
            {
              "id": "string",
              "name": "string"
            }
          ],
          "cmp://vm_demo/demo": [
            "object",
            {
              "id": "string",
              "name": "string"
            }
          ]
        }
      ]
    },
    "fqrn_map": {
      "value": {
        "bastion://vm_demo/demo/demo_bastion": "ocid1.bastion.oc1.eu-zurich-1.amaaaaaaknhfuyiai4spi3htwhpbz57hbfftrvevcsqcnbypcuxfm5tu6kda",
        "cmp:///vm_demo": "ocid1.compartment.oc1..aaaaaaaaeix6h7pxpffe6g3ppmwgmydcslsm35tqfcfnoo4wwjv3uesgqtia",
        "cmp:///vm_demo/demo": "ocid1.compartment.oc1..aaaaaaaa3ze5cwuso2kggf7isu4bm5ue523jov5nul6insm6iouy2iiq7qla",
        "instance://vm_demo/demo/app2_instance": "ocid1.instance.oc1.eu-zurich-1.an5heljrknhfuyic5au22bjrxadbxo3ywjqysvxbcxakc5muydl2nxukz4qq",
        "instance://vm_demo/demo/app3_instance": "ocid1.instance.oc1.eu-zurich-1.an5heljrknhfuyicn2orwjg3v3bncwj4cz6agvhod3xzppcniqkeplbvy4mq",
        "instance://vm_demo/demo/demo_instance": "ocid1.instance.oc1.eu-zurich-1.an5heljrknhfuyic74qkrclqt5ylxpbm2jofoljnwgxlbwejf7txviok7lda",
        "instance://vm_demo/demo/web1_instance": "ocid1.instance.oc1.eu-zurich-1.an5heljrknhfuyicwiou6a46tewmcj6u4c4sicvychvf4tslhzkklwxjwdfa",
        "log_group://vm_demo/demo/demo_log_group": "ocid1.loggroup.oc1.eu-zurich-1.amaaaaaaknhfuyiapodvnwiqdg6bfh4wyyi5ig4444go7yg6xpdl5dniwsgq",
        "nsg://vm_demo/demo/demo_vcn/app2_web": "ocid1.networksecuritygroup.oc1.eu-zurich-1.aaaaaaaarktaumpjvvoladmy6riueq3zpu3fp2sxi5c3lhxw7cbfhp247rma",
        "nsg://vm_demo/demo/demo_vcn/ssh": "ocid1.networksecuritygroup.oc1.eu-zurich-1.aaaaaaaaovzem7eup4gsy6ylnfallkcugc6jqwao43wauhrblhvgpg46omla",
        "sub://vm_demo/demo/demo_vcn/public_subnet": "ocid1.subnet.oc1.eu-zurich-1.aaaaaaaagrty5edhbcpo43u5ciaiz2j2fpyypb5c5zz4xdgyxyokdyj7waua",
        "vcn://vm_demo/demo/demo_vcn": "ocid1.vcn.oc1.eu-zurich-1.amaaaaaaknhfuyianfztxj6czk47kxhd45zd2u3f6bg4lkwho7suzagzj6na"
      },
      "type": [
        "object",
        {
          "bastion://vm_demo/demo/demo_bastion": "string",
          "cmp:///vm_demo": "string",
          "cmp:///vm_demo/demo": "string",
          "instance://vm_demo/demo/app2_instance": "string",
          "instance://vm_demo/demo/app3_instance": "string",
          "instance://vm_demo/demo/demo_instance": "string",
          "instance://vm_demo/demo/web1_instance": "string",
          "log_group://vm_demo/demo/demo_log_group": "string",
          "nsg://vm_demo/demo/demo_vcn/app2_web": "string",
          "nsg://vm_demo/demo/demo_vcn/ssh": "string",
          "sub://vm_demo/demo/demo_vcn/public_subnet": "string",
          "vcn://vm_demo/demo/demo_vcn": "string"
        }
      ]
    },
    "log_groups": {
      "value": {
        "log_group://vm_demo/demo/demo_log_group": {
          "id": "ocid1.loggroup.oc1.eu-zurich-1.amaaaaaaknhfuyiapodvnwiqdg6bfh4wyyi5ig4444go7yg6xpdl5dniwsgq",
          "name": "demo_log_group"
        }
      },
      "type": [
        "object",
        {
          "log_group://vm_demo/demo/demo_log_group": [
            "object",
            {
              "id": "string",
              "name": "string"
            }
          ]
        }
      ]
    },
    "subnets": {
      "value": {
        "sub://vm_demo/demo/demo_vcn/public_subnet": {
          "id": "ocid1.subnet.oc1.eu-zurich-1.aaaaaaaagrty5edhbcpo43u5ciaiz2j2fpyypb5c5zz4xdgyxyokdyj7waua",
          "name": "public_subnet"
        }
      },
      "type": [
        "object",
        {
          "sub://vm_demo/demo/demo_vcn/public_subnet": [
            "object",
            {
              "id": "string",
              "name": "string"
            }
          ]
        }
      ]
    },
    "vcns": {
      "value": {
        "vcn://vm_demo/demo/demo_vcn": {
          "id": "ocid1.vcn.oc1.eu-zurich-1.amaaaaaaknhfuyianfztxj6czk47kxhd45zd2u3f6bg4lkwho7suzagzj6na",
          "internet_gateway_id": null,
          "name": "demo_vcn"
        }
      },
      "type": [
        "object",
        {
          "vcn://vm_demo/demo/demo_vcn": [
            "object",
            {
              "id": "string",
              "internet_gateway_id": "dynamic",
              "name": "string"
            }
          ]
        }
      ]
    },
    "web1_compute_instances": {
      "value": {
        "instance://vm_demo/demo/web1_instance": {
          "id": "ocid1.instance.oc1.eu-zurich-1.an5heljrknhfuyicwiou6a46tewmcj6u4c4sicvychvf4tslhzkklwxjwdfa",
          "name": "web1_instance",
          "private_ip": "10.0.1.182",
          "public_ip": "",
          "state": "RUNNING"
        }
      },
      "type": [
        "object",
        {
          "instance://vm_demo/demo/web1_instance": [
            "object",
            {
              "id": "string",
              "name": "string",
              "private_ip": "string",
              "public_ip": "string",
              "state": "string"
            }
          ]
        }
      ]
    }
  },
  "resources": [
    {
      "mode": "data",
      "type": "oci_identity_availability_domains",
      "name": "ads",
      "provider": "provider[\"registry.terraform.io/oracle/oci\"]",
      "instances": [
        {
          "schema_version": 0,
          "attributes": {
            "availability_domains": [
              {
                "compartment_id": "ocid1.tenancy.oc1..aaaaaaaay2b2tvqcmqmndvcbz5kuptzuo7sp4vufarqfgoru7qojdgywb27a",
                "id": "ocid1.availabilitydomain.oc1..aaaaaaaahcyn7jl4yxlhced4gce662epqj4bniuu7xnoub2bka7aehwqa2ta",
                "name": "jJRq:EU-ZURICH-1-AD-1"
              }
            ],
            "compartment_id": "ocid1.tenancy.oc1..aaaaaaaay2b2tvqcmqmndvcbz5kuptzuo7sp4vufarqfgoru7qojdgywb27a",
            "filter": null,
            "id": "IdentityAvailabilityDomainsDataSource-2687684338"
          },
          "sensitive_attributes": []
        }
      ]
    },
    {
      "module": "module.app1_compute_instances[\"instance://vm_demo/demo/demo_instance\"]",
      "mode": "data",
      "type": "oci_core_images",
      "name": "ol8",
      "provider": "provider[\"registry.terraform.io/oracle/oci\"]",
      "instances": [
        {
          "index_key": 0,
          "schema_version": 0,
          "attributes": {
            "compartment_id": "ocid1.compartment.oc1..aaaaaaaa3ze5cwuso2kggf7isu4bm5ue523jov5nul6insm6iouy2iiq7qla",
            "display_name": null,
            "filter": null,
            "id": "CoreImagesDataSource-2549098392",
            "images": [
              {
                "agent_features": [],
                "base_image_id": "",
                "billable_size_in_gbs": "6",
                "compartment_id": "",
                "create_image_allowed": true,
                "defined_tags": {},
                "display_name": "Oracle-Linux-8.10-2025.10.23-0",
                "freeform_tags": {},
                "id": "ocid1.image.oc1.eu-zurich-1.aaaaaaaaykavmggnqfvydvhgj6r2zqvikznlx6rhqnquyd2eltmalvsca2gq",
                "image_source_details": [],
                "instance_id": "",
                "launch_mode": "NATIVE",
                "launch_options": [
                  {
                    "boot_volume_type": "PARAVIRTUALIZED",
                    "firmware": "UEFI_64",
                    "is_consistent_volume_naming_enabled": true,
                    "is_pv_encryption_in_transit_enabled": true,
                    "network_type": "PARAVIRTUALIZED",
                    "remote_data_volume_type": "PARAVIRTUALIZED"
                  }
                ],
                "listing_type": "",
                "operating_system": "Oracle Linux",
                "operating_system_version": "8",
                "size_in_mbs": "47719",
                "state": "AVAILABLE",
                "time_created": "2025-11-10 05:52:35.408 +0000 UTC"
              },
              {
                "agent_features": [],
                "base_image_id": "",
                "billable_size_in_gbs": "6",
                "compartment_id": "",
                "create_image_allowed": true,
                "defined_tags": {},
                "display_name": "Oracle-Linux-8.10-2025.09.16-0",
                "freeform_tags": {},
                "id": "ocid1.image.oc1.eu-zurich-1.aaaaaaaandotlaavzcyemssrejf44cta5wcrhqw2edboxmnoevaysxrrjhrq",
                "image_source_details": [],
                "instance_id": "",
                "launch_mode": "NATIVE",
                "launch_options": [
                  {
                    "boot_volume_type": "PARAVIRTUALIZED",
                    "firmware": "UEFI_64",
                    "is_consistent_volume_naming_enabled": true,
                    "is_pv_encryption_in_transit_enabled": true,
                    "network_type": "PARAVIRTUALIZED",
                    "remote_data_volume_type": "PARAVIRTUALIZED"
                  }
                ],
                "listing_type": "",
                "operating_system": "Oracle Linux",
                "operating_system_version": "8",
                "size_in_mbs": "47719",
                "state": "AVAILABLE",
                "time_created": "2025-09-24 04:09:36.212 +0000 UTC"
              },
              {
                "agent_features": [],
                "base_image_id": "",
                "billable_size_in_gbs": "6",
                "compartment_id": "",
                "create_image_allowed": true,
                "defined_tags": {},
                "display_name": "Oracle-Linux-8.10-2025.08.31-0",
                "freeform_tags": {},
                "id": "ocid1.image.oc1.eu-zurich-1.aaaaaaaabthkpjj2kws5lerlhsobw6aut73lasfbqfusaik4dtvpaxzqlw3a",
                "image_source_details": [],
                "instance_id": "",
                "launch_mode": "NATIVE",
                "launch_options": [
                  {
                    "boot_volume_type": "PARAVIRTUALIZED",
                    "firmware": "UEFI_64",
                    "is_consistent_volume_naming_enabled": true,
                    "is_pv_encryption_in_transit_enabled": true,
                    "network_type": "PARAVIRTUALIZED",
                    "remote_data_volume_type": "PARAVIRTUALIZED"
                  }
                ],
                "listing_type": "",
                "operating_system": "Oracle Linux",
                "operating_system_version": "8",
                "size_in_mbs": "47719",
                "state": "AVAILABLE",
                "time_created": "2025-09-03 04:03:02.227 +0000 UTC"
              }
            ],
            "operating_system": "Oracle Linux",
            "operating_system_version": "8",
            "shape": "VM.Standard.E4.Flex",
            "sort_by": "TIMECREATED",
            "sort_order": "DESC",
            "state": null
          },
          "sensitive_attributes": []
        }
      ]
    },
    {
      "module": "module.app1_compute_instances[\"instance://vm_demo/demo/demo_instance\"]",
      "mode": "managed",
      "type": "oci_core_instance",
      "name": "this",
      "provider": "provider[\"registry.terraform.io/oracle/oci\"]",
      "instances": [
        {
          "schema_version": 0,
          "attributes": {
            "agent_config": [
              {
                "are_all_plugins_disabled": false,
                "is_management_disabled": false,
                "is_monitoring_disabled": false,
                "plugins_config": [
                  {
                    "desired_state": "ENABLED",
                    "name": "Bastion"
                  }
                ]
              }
            ],
            "async": null,
            "availability_config": [
              {
                "is_live_migration_preferred": false,
                "recovery_action": "RESTORE_INSTANCE"
              }
            ],
            "availability_domain": "jJRq:EU-ZURICH-1-AD-1",
            "boot_volume_id": "ocid1.bootvolume.oc1.eu-zurich-1.ab5heljrehllmlsuhkpksbs3idtz7lkltgxuuhxggh75xpilfdaflnv55jyq",
            "capacity_reservation_id": null,
            "cluster_placement_group_id": null,
            "compartment_id": "ocid1.compartment.oc1..aaaaaaaa3ze5cwuso2kggf7isu4bm5ue523jov5nul6insm6iouy2iiq7qla",
            "compute_cluster_id": null,
            "create_vnic_details": [
              {
                "assign_ipv6ip": false,
                "assign_private_dns_record": false,
                "assign_public_ip": "false",
                "defined_tags": {
                  "Oracle-Tags.CreatedBy": "default/ryszard.styczynski@avaloq.com",
                  "Oracle-Tags.CreatedOn": "2025-11-29T21:22:05.591Z"
                },
                "display_name": "demo_instance-vnic",
                "freeform_tags": {
                  "component": "oci-vending-machine",
                  "managed_by": "terraform"
                },
                "hostname_label": "demo-instance-vnic",
                "ipv6address_ipv6subnet_cidr_pair_details": [],
                "nsg_ids": [
                  "ocid1.networksecuritygroup.oc1.eu-zurich-1.aaaaaaaaovzem7eup4gsy6ylnfallkcugc6jqwao43wauhrblhvgpg46omla",
                  "ocid1.networksecuritygroup.oc1.eu-zurich-1.aaaaaaaarktaumpjvvoladmy6riueq3zpu3fp2sxi5c3lhxw7cbfhp247rma"
                ],
                "private_ip": "10.0.1.64",
                "security_attributes": {},
                "skip_source_dest_check": false,
                "subnet_cidr": "",
                "subnet_id": "ocid1.subnet.oc1.eu-zurich-1.aaaaaaaagrty5edhbcpo43u5ciaiz2j2fpyypb5c5zz4xdgyxyokdyj7waua",
                "vlan_id": ""
              }
            ],
            "dedicated_vm_host_id": null,
            "defined_tags": {
              "Oracle-Tags.CreatedBy": "default/ryszard.styczynski@avaloq.com",
              "Oracle-Tags.CreatedOn": "2025-11-29T21:22:05.469Z"
            },
            "display_name": "demo_instance",
            "extended_metadata": {},
            "fault_domain": "FAULT-DOMAIN-3",
            "freeform_tags": {
              "component": "oci-vending-machine",
              "managed_by": "terraform"
            },
            "hostname_label": "demo-instance-vnic",
            "id": "ocid1.instance.oc1.eu-zurich-1.an5heljrknhfuyic74qkrclqt5ylxpbm2jofoljnwgxlbwejf7txviok7lda",
            "image": "ocid1.image.oc1.eu-zurich-1.aaaaaaaaykavmggnqfvydvhgj6r2zqvikznlx6rhqnquyd2eltmalvsca2gq",
            "instance_configuration_id": null,
            "instance_options": [
              {
                "are_legacy_imds_endpoints_disabled": false
              }
            ],
            "ipxe_script": null,
            "is_ai_enterprise_enabled": null,
            "is_cross_numa_node": false,
            "is_pv_encryption_in_transit_enabled": null,
            "launch_mode": "PARAVIRTUALIZED",
            "launch_options": [
              {
                "boot_volume_type": "PARAVIRTUALIZED",
                "firmware": "UEFI_64",
                "is_consistent_volume_naming_enabled": true,
                "is_pv_encryption_in_transit_enabled": false,
                "network_type": "PARAVIRTUALIZED",
                "remote_data_volume_type": "PARAVIRTUALIZED"
              }
            ],
            "launch_volume_attachments": [],
            "licensing_configs": [],
            "metadata": {
              "ssh_authorized_keys": "ssh-rsa AAAAB3NzaC1yc2EAAAADAQABAAACAQDi7dWcWn0+ciNUI35ItsmchDxEV8+HyRmVvGVo1I9gbDI7Y+k4KkW1fdls1YfgzuLdah61SLvlnSRjG6D33EmaKL6l9GjzLIFNDPR9InTT2iPBGzm/bVy6jXYBT5+r4Yriw3ggxeudu6vkSxjBzXch3Dgkj58xcHt9qRbVPp9iEnBbBvBEHEuJ+Gnx4xBDhXS/ZXANwAAfgO/Y0SNSzjsOoFCG8diBJ3gT6fyIVrMxVHFk7n21k7Ef4SaYv6uV8xy2rGg3d/ji+AUjQMQircO8uLlNp6PvkpJi2PA/4vebpJETTMfZP/2kVV97Xa8eQEQC4soLQb6V1GlZACKUSDME7im2wEL39KkGJi1EVGSUjXWdk3Y19j+6+mxW5K5zSQezdzFiktl1pA14C/0cio+QN/Pdl02afJjOdvdeaO5CHYUpsXnt1WC3wOOkW9A1SkM8gmB/Af0EhCQLd4y5YWqPQENFW3w1g6l2TMDEv3Npj+eDN92PqmLJ5E6KBp3Hs8JI3+1XAZzJqp3h9+strqVpnb26pBzv8BFeM/kvcmnMCcA4gdtAq4YE4M2dpcalDANtwnSBe8IlO1LimIvFjaRW0JqJteB0dF5j2SpNeEvLbl8RVzwizBJnQiTkLER7E3HeTtzoF8CgTCcUaS+SEPbvLQ2k6wqeOpHDzoCwWO4Obw== rstyczynski@rstyczynski-mac"
            },
            "placement_constraint_details": [],
            "platform_config": [],
            "preemptible_instance_config": [],
            "preserve_boot_volume": null,
            "preserve_data_volumes_created_at_launch": null,
            "private_ip": "10.0.1.64",
            "public_ip": "",
            "region": "eu-zurich-1",
            "security_attributes": {},
            "security_attributes_state": "STABLE",
            "shape": "VM.Standard.E4.Flex",
            "shape_config": [
              {
                "baseline_ocpu_utilization": "",
                "gpu_description": "",
                "gpus": 0,
                "local_disk_description": "",
                "local_disks": 0,
                "local_disks_total_size_in_gbs": 0,
                "max_vnic_attachments": 2,
                "memory_in_gbs": 16,
                "networking_bandwidth_in_gbps": 1,
                "nvmes": 0,
                "ocpus": 1,
                "processor_description": "2.55 GHz AMD EPYC™ 7J13 (Milan)",
                "resource_management": "",
                "vcpus": 2
              }
            ],
            "source_details": [
              {
                "boot_volume_size_in_gbs": "50",
                "boot_volume_vpus_per_gb": "10",
                "instance_source_image_filter_details": [],
                "is_preserve_boot_volume_enabled": false,
                "kms_key_id": "",
                "source_id": "ocid1.image.oc1.eu-zurich-1.aaaaaaaaykavmggnqfvydvhgj6r2zqvikznlx6rhqnquyd2eltmalvsca2gq",
                "source_type": "image"
              }
            ],
            "state": "RUNNING",
            "subnet_id": "ocid1.subnet.oc1.eu-zurich-1.aaaaaaaagrty5edhbcpo43u5ciaiz2j2fpyypb5c5zz4xdgyxyokdyj7waua",
            "system_tags": {},
            "time_created": "2025-11-29 21:22:06.197 +0000 UTC",
            "time_maintenance_reboot_due": "",
            "timeouts": null,
            "update_operation_constraint": null
          },
          "sensitive_attributes": [],
          "private": "eyJlMmJmYjczMC1lY2FhLTExZTYtOGY4OC0zNDM2M2JjN2M0YzAiOnsiY3JlYXRlIjoyNzAwMDAwMDAwMDAwLCJkZWxldGUiOjQ1MDAwMDAwMDAwMDAsInVwZGF0ZSI6MjcwMDAwMDAwMDAwMH19",
          "dependencies": [
            "data.oci_identity_availability_domains.ads",
            "module.app1_compute_instances.data.oci_core_images.ol8",
            "module.app1_nsgs.oci_core_network_security_group.this",
            "module.app1_nsgs.oci_core_network_security_group_security_rule.this",
            "module.app2_nsgs.oci_core_network_security_group.this",
            "module.app2_nsgs.oci_core_network_security_group_security_rule.this",
            "module.compartments.module.compartment_level_1.oci_identity_compartment.this",
            "module.compartments.module.compartment_level_2.oci_identity_compartment.this",
            "module.compartments.module.compartment_level_3.oci_identity_compartment.this",
            "module.compartments.module.compartment_level_4.oci_identity_compartment.this",
            "module.compartments.module.compartment_level_5.oci_identity_compartment.this",
            "module.compartments.module.compartment_level_6.oci_identity_compartment.this",
            "module.log_groups.oci_logging_log_group.this",
            "module.subnets.oci_core_subnet.this",
            "module.subnets.oci_logging_log.this",
            "module.vcns.data.oci_core_services.all_services",
            "module.vcns.oci_core_default_route_table.this",
            "module.vcns.oci_core_internet_gateway.this",
            "module.vcns.oci_core_nat_gateway.this",
            "module.vcns.oci_core_route_table.nat_gateway_rt",
            "module.vcns.oci_core_route_table.service_gateway_rt",
            "module.vcns.oci_core_service_gateway.this",
            "module.vcns.oci_core_vcn.this"
          ]
        }
      ]
    },
    {
      "module": "module.app1_nsgs[\"nsg://vm_demo/demo/demo_vcn/ssh\"]",
      "mode": "managed",
      "type": "oci_core_network_security_group",
      "name": "this",
      "provider": "provider[\"registry.terraform.io/oracle/oci\"]",
      "instances": [
        {
          "schema_version": 0,
          "attributes": {
            "compartment_id": "ocid1.compartment.oc1..aaaaaaaa3ze5cwuso2kggf7isu4bm5ue523jov5nul6insm6iouy2iiq7qla",
            "defined_tags": {
              "Oracle-Tags.CreatedBy": "default/ryszard.styczynski@avaloq.com",
              "Oracle-Tags.CreatedOn": "2025-11-29T18:51:49.322Z"
            },
            "display_name": "ssh",
            "freeform_tags": {
              "component": "oci-vending-machine",
              "managed_by": "terraform"
            },
            "id": "ocid1.networksecuritygroup.oc1.eu-zurich-1.aaaaaaaaovzem7eup4gsy6ylnfallkcugc6jqwao43wauhrblhvgpg46omla",
            "state": "AVAILABLE",
            "time_created": "2025-11-29 18:51:49.401 +0000 UTC",
            "timeouts": null,
            "vcn_id": "ocid1.vcn.oc1.eu-zurich-1.amaaaaaaknhfuyianfztxj6czk47kxhd45zd2u3f6bg4lkwho7suzagzj6na"
          },
          "sensitive_attributes": [],
          "private": "eyJlMmJmYjczMC1lY2FhLTExZTYtOGY4OC0zNDM2M2JjN2M0YzAiOnsiY3JlYXRlIjoxMjAwMDAwMDAwMDAwLCJkZWxldGUiOjEyMDAwMDAwMDAwMDAsInVwZGF0ZSI6MTIwMDAwMDAwMDAwMH19",
          "dependencies": [
            "module.compartments.module.compartment_level_1.oci_identity_compartment.this",
            "module.compartments.module.compartment_level_2.oci_identity_compartment.this",
            "module.compartments.module.compartment_level_3.oci_identity_compartment.this",
            "module.compartments.module.compartment_level_4.oci_identity_compartment.this",
            "module.compartments.module.compartment_level_5.oci_identity_compartment.this",
            "module.compartments.module.compartment_level_6.oci_identity_compartment.this",
            "module.log_groups.oci_logging_log_group.this",
            "module.subnets.oci_core_subnet.this",
            "module.subnets.oci_logging_log.this",
            "module.vcns.data.oci_core_services.all_services",
            "module.vcns.oci_core_default_route_table.this",
            "module.vcns.oci_core_internet_gateway.this",
            "module.vcns.oci_core_nat_gateway.this",
            "module.vcns.oci_core_route_table.nat_gateway_rt",
            "module.vcns.oci_core_route_table.service_gateway_rt",
            "module.vcns.oci_core_service_gateway.this",
            "module.vcns.oci_core_vcn.this"
          ]
        }
      ]
    },
    {
      "module": "module.app1_nsgs[\"nsg://vm_demo/demo/demo_vcn/ssh\"]",
      "mode": "managed",
      "type": "oci_core_network_security_group_security_rule",
      "name": "this",
      "provider": "provider[\"registry.terraform.io/oracle/oci\"]",
      "instances": [
        {
          "index_key": "all_egress",
          "schema_version": 0,
          "attributes": {
            "description": "Allow all egress traffic",
            "destination": "0.0.0.0/0",
            "destination_type": "CIDR_BLOCK",
            "direction": "EGRESS",
            "icmp_options": [],
            "id": "205C8D",
            "is_valid": true,
            "network_security_group_id": "ocid1.networksecuritygroup.oc1.eu-zurich-1.aaaaaaaaovzem7eup4gsy6ylnfallkcugc6jqwao43wauhrblhvgpg46omla",
            "protocol": "all",
            "source": null,
            "source_type": "",
            "stateless": false,
            "tcp_options": [],
            "time_created": "2025-11-29 18:51:49.942 +0000 UTC",
            "timeouts": null,
            "udp_options": []
          },
          "sensitive_attributes": [],
          "private": "eyJlMmJmYjczMC1lY2FhLTExZTYtOGY4OC0zNDM2M2JjN2M0YzAiOnsiY3JlYXRlIjoxMjAwMDAwMDAwMDAwLCJkZWxldGUiOjEyMDAwMDAwMDAwMDAsInVwZGF0ZSI6MTIwMDAwMDAwMDAwMH19",
          "dependencies": [
            "module.app1_nsgs.oci_core_network_security_group.this",
            "module.compartments.module.compartment_level_1.oci_identity_compartment.this",
            "module.compartments.module.compartment_level_2.oci_identity_compartment.this",
            "module.compartments.module.compartment_level_3.oci_identity_compartment.this",
            "module.compartments.module.compartment_level_4.oci_identity_compartment.this",
            "module.compartments.module.compartment_level_5.oci_identity_compartment.this",
            "module.compartments.module.compartment_level_6.oci_identity_compartment.this",
            "module.log_groups.oci_logging_log_group.this",
            "module.subnets.oci_core_subnet.this",
            "module.subnets.oci_logging_log.this",
            "module.vcns.data.oci_core_services.all_services",
            "module.vcns.oci_core_default_route_table.this",
            "module.vcns.oci_core_internet_gateway.this",
            "module.vcns.oci_core_nat_gateway.this",
            "module.vcns.oci_core_route_table.nat_gateway_rt",
            "module.vcns.oci_core_route_table.service_gateway_rt",
            "module.vcns.oci_core_service_gateway.this",
            "module.vcns.oci_core_vcn.this"
          ]
        },
        {
          "index_key": "ssh_ingress",
          "schema_version": 0,
          "attributes": {
            "description": "Allow SSH from anywhere",
            "destination": null,
            "destination_type": "",
            "direction": "INGRESS",
            "icmp_options": [],
            "id": "900005",
            "is_valid": true,
            "network_security_group_id": "ocid1.networksecuritygroup.oc1.eu-zurich-1.aaaaaaaaovzem7eup4gsy6ylnfallkcugc6jqwao43wauhrblhvgpg46omla",
            "protocol": "6",
            "source": "0.0.0.0/0",
            "source_type": "CIDR_BLOCK",
            "stateless": false,
            "tcp_options": [
              {
                "destination_port_range": [
                  {
                    "max": 22,
                    "min": 22
                  }
                ],
                "source_port_range": []
              }
            ],
            "time_created": "2025-11-29 18:51:49.844 +0000 UTC",
            "timeouts": null,
            "udp_options": []
          },
          "sensitive_attributes": [],
          "private": "eyJlMmJmYjczMC1lY2FhLTExZTYtOGY4OC0zNDM2M2JjN2M0YzAiOnsiY3JlYXRlIjoxMjAwMDAwMDAwMDAwLCJkZWxldGUiOjEyMDAwMDAwMDAwMDAsInVwZGF0ZSI6MTIwMDAwMDAwMDAwMH19",
          "dependencies": [
            "module.app1_nsgs.oci_core_network_security_group.this",
            "module.compartments.module.compartment_level_1.oci_identity_compartment.this",
            "module.compartments.module.compartment_level_2.oci_identity_compartment.this",
            "module.compartments.module.compartment_level_3.oci_identity_compartment.this",
            "module.compartments.module.compartment_level_4.oci_identity_compartment.this",
            "module.compartments.module.compartment_level_5.oci_identity_compartment.this",
            "module.compartments.module.compartment_level_6.oci_identity_compartment.this",
            "module.log_groups.oci_logging_log_group.this",
            "module.subnets.oci_core_subnet.this",
            "module.subnets.oci_logging_log.this",
            "module.vcns.data.oci_core_services.all_services",
            "module.vcns.oci_core_default_route_table.this",
            "module.vcns.oci_core_internet_gateway.this",
            "module.vcns.oci_core_nat_gateway.this",
            "module.vcns.oci_core_route_table.nat_gateway_rt",
            "module.vcns.oci_core_route_table.service_gateway_rt",
            "module.vcns.oci_core_service_gateway.this",
            "module.vcns.oci_core_vcn.this"
          ]
        }
      ]
    },
    {
      "module": "module.app2_compute_instances[\"instance://vm_demo/demo/app2_instance\"]",
      "mode": "data",
      "type": "oci_core_images",
      "name": "ol8",
      "provider": "provider[\"registry.terraform.io/oracle/oci\"]",
      "instances": [
        {
          "index_key": 0,
          "schema_version": 0,
          "attributes": {
            "compartment_id": "ocid1.compartment.oc1..aaaaaaaa3ze5cwuso2kggf7isu4bm5ue523jov5nul6insm6iouy2iiq7qla",
            "display_name": null,
            "filter": null,
            "id": "CoreImagesDataSource-2549098392",
            "images": [
              {
                "agent_features": [],
                "base_image_id": "",
                "billable_size_in_gbs": "6",
                "compartment_id": "",
                "create_image_allowed": true,
                "defined_tags": {},
                "display_name": "Oracle-Linux-8.10-2025.10.23-0",
                "freeform_tags": {},
                "id": "ocid1.image.oc1.eu-zurich-1.aaaaaaaaykavmggnqfvydvhgj6r2zqvikznlx6rhqnquyd2eltmalvsca2gq",
                "image_source_details": [],
                "instance_id": "",
                "launch_mode": "NATIVE",
                "launch_options": [
                  {
                    "boot_volume_type": "PARAVIRTUALIZED",
                    "firmware": "UEFI_64",
                    "is_consistent_volume_naming_enabled": true,
                    "is_pv_encryption_in_transit_enabled": true,
                    "network_type": "PARAVIRTUALIZED",
                    "remote_data_volume_type": "PARAVIRTUALIZED"
                  }
                ],
                "listing_type": "",
                "operating_system": "Oracle Linux",
                "operating_system_version": "8",
                "size_in_mbs": "47719",
                "state": "AVAILABLE",
                "time_created": "2025-11-10 05:52:35.408 +0000 UTC"
              },
              {
                "agent_features": [],
                "base_image_id": "",
                "billable_size_in_gbs": "6",
                "compartment_id": "",
                "create_image_allowed": true,
                "defined_tags": {},
                "display_name": "Oracle-Linux-8.10-2025.09.16-0",
                "freeform_tags": {},
                "id": "ocid1.image.oc1.eu-zurich-1.aaaaaaaandotlaavzcyemssrejf44cta5wcrhqw2edboxmnoevaysxrrjhrq",
                "image_source_details": [],
                "instance_id": "",
                "launch_mode": "NATIVE",
                "launch_options": [
                  {
                    "boot_volume_type": "PARAVIRTUALIZED",
                    "firmware": "UEFI_64",
                    "is_consistent_volume_naming_enabled": true,
                    "is_pv_encryption_in_transit_enabled": true,
                    "network_type": "PARAVIRTUALIZED",
                    "remote_data_volume_type": "PARAVIRTUALIZED"
                  }
                ],
                "listing_type": "",
                "operating_system": "Oracle Linux",
                "operating_system_version": "8",
                "size_in_mbs": "47719",
                "state": "AVAILABLE",
                "time_created": "2025-09-24 04:09:36.212 +0000 UTC"
              },
              {
                "agent_features": [],
                "base_image_id": "",
                "billable_size_in_gbs": "6",
                "compartment_id": "",
                "create_image_allowed": true,
                "defined_tags": {},
                "display_name": "Oracle-Linux-8.10-2025.08.31-0",
                "freeform_tags": {},
                "id": "ocid1.image.oc1.eu-zurich-1.aaaaaaaabthkpjj2kws5lerlhsobw6aut73lasfbqfusaik4dtvpaxzqlw3a",
                "image_source_details": [],
                "instance_id": "",
                "launch_mode": "NATIVE",
                "launch_options": [
                  {
                    "boot_volume_type": "PARAVIRTUALIZED",
                    "firmware": "UEFI_64",
                    "is_consistent_volume_naming_enabled": true,
                    "is_pv_encryption_in_transit_enabled": true,
                    "network_type": "PARAVIRTUALIZED",
                    "remote_data_volume_type": "PARAVIRTUALIZED"
                  }
                ],
                "listing_type": "",
                "operating_system": "Oracle Linux",
                "operating_system_version": "8",
                "size_in_mbs": "47719",
                "state": "AVAILABLE",
                "time_created": "2025-09-03 04:03:02.227 +0000 UTC"
              }
            ],
            "operating_system": "Oracle Linux",
            "operating_system_version": "8",
            "shape": "VM.Standard.E4.Flex",
            "sort_by": "TIMECREATED",
            "sort_order": "DESC",
            "state": null
          },
          "sensitive_attributes": []
        }
      ]
    },
    {
      "module": "module.app2_compute_instances[\"instance://vm_demo/demo/app2_instance\"]",
      "mode": "managed",
      "type": "oci_core_instance",
      "name": "this",
      "provider": "provider[\"registry.terraform.io/oracle/oci\"]",
      "instances": [
        {
          "schema_version": 0,
          "attributes": {
            "agent_config": [
              {
                "are_all_plugins_disabled": false,
                "is_management_disabled": false,
                "is_monitoring_disabled": false,
                "plugins_config": [
                  {
                    "desired_state": "ENABLED",
                    "name": "Bastion"
                  }
                ]
              }
            ],
            "async": null,
            "availability_config": [
              {
                "is_live_migration_preferred": false,
                "recovery_action": "RESTORE_INSTANCE"
              }
            ],
            "availability_domain": "jJRq:EU-ZURICH-1-AD-1",
            "boot_volume_id": "ocid1.bootvolume.oc1.eu-zurich-1.ab5heljrhllontxlhmhqcnpnrnrhoqhxj5lqbm7pnjtmq2r2fouvtwhg7tkq",
            "capacity_reservation_id": null,
            "cluster_placement_group_id": null,
            "compartment_id": "ocid1.compartment.oc1..aaaaaaaa3ze5cwuso2kggf7isu4bm5ue523jov5nul6insm6iouy2iiq7qla",
            "compute_cluster_id": null,
            "create_vnic_details": [
              {
                "assign_ipv6ip": false,
                "assign_private_dns_record": false,
                "assign_public_ip": "false",
                "defined_tags": {
                  "Oracle-Tags.CreatedBy": "default/ryszard.styczynski@avaloq.com",
                  "Oracle-Tags.CreatedOn": "2025-11-29T21:25:04.881Z"
                },
                "display_name": "app2_instance-vnic",
                "freeform_tags": {
                  "component": "oci-vending-machine",
                  "managed_by": "terraform"
                },
                "hostname_label": "app2-instance-vnic",
                "ipv6address_ipv6subnet_cidr_pair_details": [],
                "nsg_ids": [
                  "ocid1.networksecuritygroup.oc1.eu-zurich-1.aaaaaaaarktaumpjvvoladmy6riueq3zpu3fp2sxi5c3lhxw7cbfhp247rma"
                ],
                "private_ip": "10.0.1.65",
                "security_attributes": {},
                "skip_source_dest_check": false,
                "subnet_cidr": "",
                "subnet_id": "ocid1.subnet.oc1.eu-zurich-1.aaaaaaaagrty5edhbcpo43u5ciaiz2j2fpyypb5c5zz4xdgyxyokdyj7waua",
                "vlan_id": ""
              }
            ],
            "dedicated_vm_host_id": null,
            "defined_tags": {
              "Oracle-Tags.CreatedBy": "default/ryszard.styczynski@avaloq.com",
              "Oracle-Tags.CreatedOn": "2025-11-29T21:25:04.779Z"
            },
            "display_name": "app2_instance",
            "extended_metadata": {},
            "fault_domain": "FAULT-DOMAIN-3",
            "freeform_tags": {
              "component": "oci-vending-machine",
              "managed_by": "terraform"
            },
            "hostname_label": "app2-instance-vnic",
            "id": "ocid1.instance.oc1.eu-zurich-1.an5heljrknhfuyic5au22bjrxadbxo3ywjqysvxbcxakc5muydl2nxukz4qq",
            "image": "ocid1.image.oc1.eu-zurich-1.aaaaaaaaykavmggnqfvydvhgj6r2zqvikznlx6rhqnquyd2eltmalvsca2gq",
            "instance_configuration_id": null,
            "instance_options": [
              {
                "are_legacy_imds_endpoints_disabled": false
              }
            ],
            "ipxe_script": null,
            "is_ai_enterprise_enabled": null,
            "is_cross_numa_node": false,
            "is_pv_encryption_in_transit_enabled": null,
            "launch_mode": "PARAVIRTUALIZED",
            "launch_options": [
              {
                "boot_volume_type": "PARAVIRTUALIZED",
                "firmware": "UEFI_64",
                "is_consistent_volume_naming_enabled": true,
                "is_pv_encryption_in_transit_enabled": false,
                "network_type": "PARAVIRTUALIZED",
                "remote_data_volume_type": "PARAVIRTUALIZED"
              }
            ],
            "launch_volume_attachments": [],
            "licensing_configs": [],
            "metadata": {
              "ssh_authorized_keys": "ssh-rsa AAAAB3NzaC1yc2EAAAADAQABAAACAQDi7dWcWn0+ciNUI35ItsmchDxEV8+HyRmVvGVo1I9gbDI7Y+k4KkW1fdls1YfgzuLdah61SLvlnSRjG6D33EmaKL6l9GjzLIFNDPR9InTT2iPBGzm/bVy6jXYBT5+r4Yriw3ggxeudu6vkSxjBzXch3Dgkj58xcHt9qRbVPp9iEnBbBvBEHEuJ+Gnx4xBDhXS/ZXANwAAfgO/Y0SNSzjsOoFCG8diBJ3gT6fyIVrMxVHFk7n21k7Ef4SaYv6uV8xy2rGg3d/ji+AUjQMQircO8uLlNp6PvkpJi2PA/4vebpJETTMfZP/2kVV97Xa8eQEQC4soLQb6V1GlZACKUSDME7im2wEL39KkGJi1EVGSUjXWdk3Y19j+6+mxW5K5zSQezdzFiktl1pA14C/0cio+QN/Pdl02afJjOdvdeaO5CHYUpsXnt1WC3wOOkW9A1SkM8gmB/Af0EhCQLd4y5YWqPQENFW3w1g6l2TMDEv3Npj+eDN92PqmLJ5E6KBp3Hs8JI3+1XAZzJqp3h9+strqVpnb26pBzv8BFeM/kvcmnMCcA4gdtAq4YE4M2dpcalDANtwnSBe8IlO1LimIvFjaRW0JqJteB0dF5j2SpNeEvLbl8RVzwizBJnQiTkLER7E3HeTtzoF8CgTCcUaS+SEPbvLQ2k6wqeOpHDzoCwWO4Obw== rstyczynski@rstyczynski-mac"
            },
            "placement_constraint_details": [],
            "platform_config": [],
            "preemptible_instance_config": [],
            "preserve_boot_volume": null,
            "preserve_data_volumes_created_at_launch": null,
            "private_ip": "10.0.1.65",
            "public_ip": "",
            "region": "eu-zurich-1",
            "security_attributes": {},
            "security_attributes_state": "STABLE",
            "shape": "VM.Standard.E4.Flex",
            "shape_config": [
              {
                "baseline_ocpu_utilization": "",
                "gpu_description": "",
                "gpus": 0,
                "local_disk_description": "",
                "local_disks": 0,
                "local_disks_total_size_in_gbs": 0,
                "max_vnic_attachments": 2,
                "memory_in_gbs": 16,
                "networking_bandwidth_in_gbps": 1,
                "nvmes": 0,
                "ocpus": 1,
                "processor_description": "2.55 GHz AMD EPYC™ 7J13 (Milan)",
                "resource_management": "",
                "vcpus": 2
              }
            ],
            "source_details": [
              {
                "boot_volume_size_in_gbs": "50",
                "boot_volume_vpus_per_gb": "10",
                "instance_source_image_filter_details": [],
                "is_preserve_boot_volume_enabled": false,
                "kms_key_id": "",
                "source_id": "ocid1.image.oc1.eu-zurich-1.aaaaaaaaykavmggnqfvydvhgj6r2zqvikznlx6rhqnquyd2eltmalvsca2gq",
                "source_type": "image"
              }
            ],
            "state": "RUNNING",
            "subnet_id": "ocid1.subnet.oc1.eu-zurich-1.aaaaaaaagrty5edhbcpo43u5ciaiz2j2fpyypb5c5zz4xdgyxyokdyj7waua",
            "system_tags": {},
            "time_created": "2025-11-29 21:25:05.409 +0000 UTC",
            "time_maintenance_reboot_due": "",
            "timeouts": null,
            "update_operation_constraint": null
          },
          "sensitive_attributes": [],
          "private": "eyJlMmJmYjczMC1lY2FhLTExZTYtOGY4OC0zNDM2M2JjN2M0YzAiOnsiY3JlYXRlIjoyNzAwMDAwMDAwMDAwLCJkZWxldGUiOjQ1MDAwMDAwMDAwMDAsInVwZGF0ZSI6MjcwMDAwMDAwMDAwMH19",
          "dependencies": [
            "data.oci_identity_availability_domains.ads",
            "module.app1_nsgs.oci_core_network_security_group.this",
            "module.app1_nsgs.oci_core_network_security_group_security_rule.this",
            "module.app2_compute_instances.data.oci_core_images.ol8",
            "module.app2_nsgs.oci_core_network_security_group.this",
            "module.app2_nsgs.oci_core_network_security_group_security_rule.this",
            "module.compartments.module.compartment_level_1.oci_identity_compartment.this",
            "module.compartments.module.compartment_level_2.oci_identity_compartment.this",
            "module.compartments.module.compartment_level_3.oci_identity_compartment.this",
            "module.compartments.module.compartment_level_4.oci_identity_compartment.this",
            "module.compartments.module.compartment_level_5.oci_identity_compartment.this",
            "module.compartments.module.compartment_level_6.oci_identity_compartment.this",
            "module.log_groups.oci_logging_log_group.this",
            "module.subnets.oci_core_subnet.this",
            "module.subnets.oci_logging_log.this",
            "module.vcns.data.oci_core_services.all_services",
            "module.vcns.oci_core_default_route_table.this",
            "module.vcns.oci_core_internet_gateway.this",
            "module.vcns.oci_core_nat_gateway.this",
            "module.vcns.oci_core_route_table.nat_gateway_rt",
            "module.vcns.oci_core_route_table.service_gateway_rt",
            "module.vcns.oci_core_service_gateway.this",
            "module.vcns.oci_core_vcn.this"
          ]
        }
      ]
    },
    {
      "module": "module.app2_nsgs[\"nsg://vm_demo/demo/demo_vcn/app2_web\"]",
      "mode": "managed",
      "type": "oci_core_network_security_group",
      "name": "this",
      "provider": "provider[\"registry.terraform.io/oracle/oci\"]",
      "instances": [
        {
          "schema_version": 0,
          "attributes": {
            "compartment_id": "ocid1.compartment.oc1..aaaaaaaa3ze5cwuso2kggf7isu4bm5ue523jov5nul6insm6iouy2iiq7qla",
            "defined_tags": {
              "Oracle-Tags.CreatedBy": "default/ryszard.styczynski@avaloq.com",
              "Oracle-Tags.CreatedOn": "2025-11-29T18:51:49.322Z"
            },
            "display_name": "app2_web",
            "freeform_tags": {
              "component": "oci-vending-machine",
              "managed_by": "terraform"
            },
            "id": "ocid1.networksecuritygroup.oc1.eu-zurich-1.aaaaaaaarktaumpjvvoladmy6riueq3zpu3fp2sxi5c3lhxw7cbfhp247rma",
            "state": "AVAILABLE",
            "time_created": "2025-11-29 18:51:49.567 +0000 UTC",
            "timeouts": null,
            "vcn_id": "ocid1.vcn.oc1.eu-zurich-1.amaaaaaaknhfuyianfztxj6czk47kxhd45zd2u3f6bg4lkwho7suzagzj6na"
          },
          "sensitive_attributes": [],
          "private": "eyJlMmJmYjczMC1lY2FhLTExZTYtOGY4OC0zNDM2M2JjN2M0YzAiOnsiY3JlYXRlIjoxMjAwMDAwMDAwMDAwLCJkZWxldGUiOjEyMDAwMDAwMDAwMDAsInVwZGF0ZSI6MTIwMDAwMDAwMDAwMH19",
          "dependencies": [
            "module.compartments.module.compartment_level_1.oci_identity_compartment.this",
            "module.compartments.module.compartment_level_2.oci_identity_compartment.this",
            "module.compartments.module.compartment_level_3.oci_identity_compartment.this",
            "module.compartments.module.compartment_level_4.oci_identity_compartment.this",
            "module.compartments.module.compartment_level_5.oci_identity_compartment.this",
            "module.compartments.module.compartment_level_6.oci_identity_compartment.this",
            "module.log_groups.oci_logging_log_group.this",
            "module.subnets.oci_core_subnet.this",
            "module.subnets.oci_logging_log.this",
            "module.vcns.data.oci_core_services.all_services",
            "module.vcns.oci_core_default_route_table.this",
            "module.vcns.oci_core_internet_gateway.this",
            "module.vcns.oci_core_nat_gateway.this",
            "module.vcns.oci_core_route_table.nat_gateway_rt",
            "module.vcns.oci_core_route_table.service_gateway_rt",
            "module.vcns.oci_core_service_gateway.this",
            "module.vcns.oci_core_vcn.this"
          ]
        }
      ]
    },
    {
      "module": "module.app2_nsgs[\"nsg://vm_demo/demo/demo_vcn/app2_web\"]",
      "mode": "managed",
      "type": "oci_core_network_security_group_security_rule",
      "name": "this",
      "provider": "provider[\"registry.terraform.io/oracle/oci\"]",
      "instances": [
        {
          "index_key": "all_egress",
          "schema_version": 0,
          "attributes": {
            "description": "Allow all egress traffic",
            "destination": "0.0.0.0/0",
            "destination_type": "CIDR_BLOCK",
            "direction": "EGRESS",
            "icmp_options": [],
            "id": "8CF28E",
            "is_valid": true,
            "network_security_group_id": "ocid1.networksecuritygroup.oc1.eu-zurich-1.aaaaaaaarktaumpjvvoladmy6riueq3zpu3fp2sxi5c3lhxw7cbfhp247rma",
            "protocol": "all",
            "source": null,
            "source_type": "",
            "stateless": false,
            "tcp_options": [],
            "time_created": "2025-11-29 18:51:49.962 +0000 UTC",
            "timeouts": null,
            "udp_options": []
          },
          "sensitive_attributes": [],
          "private": "eyJlMmJmYjczMC1lY2FhLTExZTYtOGY4OC0zNDM2M2JjN2M0YzAiOnsiY3JlYXRlIjoxMjAwMDAwMDAwMDAwLCJkZWxldGUiOjEyMDAwMDAwMDAwMDAsInVwZGF0ZSI6MTIwMDAwMDAwMDAwMH19",
          "dependencies": [
            "module.app2_nsgs.oci_core_network_security_group.this",
            "module.compartments.module.compartment_level_1.oci_identity_compartment.this",
            "module.compartments.module.compartment_level_2.oci_identity_compartment.this",
            "module.compartments.module.compartment_level_3.oci_identity_compartment.this",
            "module.compartments.module.compartment_level_4.oci_identity_compartment.this",
            "module.compartments.module.compartment_level_5.oci_identity_compartment.this",
            "module.compartments.module.compartment_level_6.oci_identity_compartment.this",
            "module.log_groups.oci_logging_log_group.this",
            "module.subnets.oci_core_subnet.this",
            "module.subnets.oci_logging_log.this",
            "module.vcns.data.oci_core_services.all_services",
            "module.vcns.oci_core_default_route_table.this",
            "module.vcns.oci_core_internet_gateway.this",
            "module.vcns.oci_core_nat_gateway.this",
            "module.vcns.oci_core_route_table.nat_gateway_rt",
            "module.vcns.oci_core_route_table.service_gateway_rt",
            "module.vcns.oci_core_service_gateway.this",
            "module.vcns.oci_core_vcn.this"
          ]
        },
        {
          "index_key": "http_ingress",
          "schema_version": 0,
          "attributes": {
            "description": "Allow HTTP from anywhere",
            "destination": null,
            "destination_type": "",
            "direction": "INGRESS",
            "icmp_options": [],
            "id": "060790",
            "is_valid": true,
            "network_security_group_id": "ocid1.networksecuritygroup.oc1.eu-zurich-1.aaaaaaaarktaumpjvvoladmy6riueq3zpu3fp2sxi5c3lhxw7cbfhp247rma",
            "protocol": "6",
            "source": "0.0.0.0/0",
            "source_type": "CIDR_BLOCK",
            "stateless": false,
            "tcp_options": [
              {
                "destination_port_range": [
                  {
                    "max": 80,
                    "min": 80
                  }
                ],
                "source_port_range": []
              }
            ],
            "time_created": "2025-11-29 18:51:50.032 +0000 UTC",
            "timeouts": null,
            "udp_options": []
          },
          "sensitive_attributes": [],
          "private": "eyJlMmJmYjczMC1lY2FhLTExZTYtOGY4OC0zNDM2M2JjN2M0YzAiOnsiY3JlYXRlIjoxMjAwMDAwMDAwMDAwLCJkZWxldGUiOjEyMDAwMDAwMDAwMDAsInVwZGF0ZSI6MTIwMDAwMDAwMDAwMH19",
          "dependencies": [
            "module.app2_nsgs.oci_core_network_security_group.this",
            "module.compartments.module.compartment_level_1.oci_identity_compartment.this",
            "module.compartments.module.compartment_level_2.oci_identity_compartment.this",
            "module.compartments.module.compartment_level_3.oci_identity_compartment.this",
            "module.compartments.module.compartment_level_4.oci_identity_compartment.this",
            "module.compartments.module.compartment_level_5.oci_identity_compartment.this",
            "module.compartments.module.compartment_level_6.oci_identity_compartment.this",
            "module.log_groups.oci_logging_log_group.this",
            "module.subnets.oci_core_subnet.this",
            "module.subnets.oci_logging_log.this",
            "module.vcns.data.oci_core_services.all_services",
            "module.vcns.oci_core_default_route_table.this",
            "module.vcns.oci_core_internet_gateway.this",
            "module.vcns.oci_core_nat_gateway.this",
            "module.vcns.oci_core_route_table.nat_gateway_rt",
            "module.vcns.oci_core_route_table.service_gateway_rt",
            "module.vcns.oci_core_service_gateway.this",
            "module.vcns.oci_core_vcn.this"
          ]
        },
        {
          "index_key": "https_ingress",
          "schema_version": 0,
          "attributes": {
            "description": "Allow HTTPS from anywhere",
            "destination": null,
            "destination_type": "",
            "direction": "INGRESS",
            "icmp_options": [],
            "id": "E5BD7C",
            "is_valid": true,
            "network_security_group_id": "ocid1.networksecuritygroup.oc1.eu-zurich-1.aaaaaaaarktaumpjvvoladmy6riueq3zpu3fp2sxi5c3lhxw7cbfhp247rma",
            "protocol": "6",
            "source": "0.0.0.0/0",
            "source_type": "CIDR_BLOCK",
            "stateless": false,
            "tcp_options": [
              {
                "destination_port_range": [
                  {
                    "max": 443,
                    "min": 443
                  }
                ],
                "source_port_range": []
              }
            ],
            "time_created": "2025-11-29 18:51:51.882 +0000 UTC",
            "timeouts": null,
            "udp_options": []
          },
          "sensitive_attributes": [],
          "private": "eyJlMmJmYjczMC1lY2FhLTExZTYtOGY4OC0zNDM2M2JjN2M0YzAiOnsiY3JlYXRlIjoxMjAwMDAwMDAwMDAwLCJkZWxldGUiOjEyMDAwMDAwMDAwMDAsInVwZGF0ZSI6MTIwMDAwMDAwMDAwMH19",
          "dependencies": [
            "module.app2_nsgs.oci_core_network_security_group.this",
            "module.compartments.module.compartment_level_1.oci_identity_compartment.this",
            "module.compartments.module.compartment_level_2.oci_identity_compartment.this",
            "module.compartments.module.compartment_level_3.oci_identity_compartment.this",
            "module.compartments.module.compartment_level_4.oci_identity_compartment.this",
            "module.compartments.module.compartment_level_5.oci_identity_compartment.this",
            "module.compartments.module.compartment_level_6.oci_identity_compartment.this",
            "module.log_groups.oci_logging_log_group.this",
            "module.subnets.oci_core_subnet.this",
            "module.subnets.oci_logging_log.this",
            "module.vcns.data.oci_core_services.all_services",
            "module.vcns.oci_core_default_route_table.this",
            "module.vcns.oci_core_internet_gateway.this",
            "module.vcns.oci_core_nat_gateway.this",
            "module.vcns.oci_core_route_table.nat_gateway_rt",
            "module.vcns.oci_core_route_table.service_gateway_rt",
            "module.vcns.oci_core_service_gateway.this",
            "module.vcns.oci_core_vcn.this"
          ]
        }
      ]
    },
    {
      "module": "module.app3_compute_instances[\"instance://vm_demo/demo/app3_instance\"]",
      "mode": "data",
      "type": "oci_core_images",
      "name": "ol8",
      "provider": "provider[\"registry.terraform.io/oracle/oci\"]",
      "instances": [
        {
          "index_key": 0,
          "schema_version": 0,
          "attributes": {
            "compartment_id": "ocid1.compartment.oc1..aaaaaaaa3ze5cwuso2kggf7isu4bm5ue523jov5nul6insm6iouy2iiq7qla",
            "display_name": null,
            "filter": null,
            "id": "CoreImagesDataSource-2549098392",
            "images": [
              {
                "agent_features": [],
                "base_image_id": "",
                "billable_size_in_gbs": "6",
                "compartment_id": "",
                "create_image_allowed": true,
                "defined_tags": {},
                "display_name": "Oracle-Linux-8.10-2025.10.23-0",
                "freeform_tags": {},
                "id": "ocid1.image.oc1.eu-zurich-1.aaaaaaaaykavmggnqfvydvhgj6r2zqvikznlx6rhqnquyd2eltmalvsca2gq",
                "image_source_details": [],
                "instance_id": "",
                "launch_mode": "NATIVE",
                "launch_options": [
                  {
                    "boot_volume_type": "PARAVIRTUALIZED",
                    "firmware": "UEFI_64",
                    "is_consistent_volume_naming_enabled": true,
                    "is_pv_encryption_in_transit_enabled": true,
                    "network_type": "PARAVIRTUALIZED",
                    "remote_data_volume_type": "PARAVIRTUALIZED"
                  }
                ],
                "listing_type": "",
                "operating_system": "Oracle Linux",
                "operating_system_version": "8",
                "size_in_mbs": "47719",
                "state": "AVAILABLE",
                "time_created": "2025-11-10 05:52:35.408 +0000 UTC"
              },
              {
                "agent_features": [],
                "base_image_id": "",
                "billable_size_in_gbs": "6",
                "compartment_id": "",
                "create_image_allowed": true,
                "defined_tags": {},
                "display_name": "Oracle-Linux-8.10-2025.09.16-0",
                "freeform_tags": {},
                "id": "ocid1.image.oc1.eu-zurich-1.aaaaaaaandotlaavzcyemssrejf44cta5wcrhqw2edboxmnoevaysxrrjhrq",
                "image_source_details": [],
                "instance_id": "",
                "launch_mode": "NATIVE",
                "launch_options": [
                  {
                    "boot_volume_type": "PARAVIRTUALIZED",
                    "firmware": "UEFI_64",
                    "is_consistent_volume_naming_enabled": true,
                    "is_pv_encryption_in_transit_enabled": true,
                    "network_type": "PARAVIRTUALIZED",
                    "remote_data_volume_type": "PARAVIRTUALIZED"
                  }
                ],
                "listing_type": "",
                "operating_system": "Oracle Linux",
                "operating_system_version": "8",
                "size_in_mbs": "47719",
                "state": "AVAILABLE",
                "time_created": "2025-09-24 04:09:36.212 +0000 UTC"
              },
              {
                "agent_features": [],
                "base_image_id": "",
                "billable_size_in_gbs": "6",
                "compartment_id": "",
                "create_image_allowed": true,
                "defined_tags": {},
                "display_name": "Oracle-Linux-8.10-2025.08.31-0",
                "freeform_tags": {},
                "id": "ocid1.image.oc1.eu-zurich-1.aaaaaaaabthkpjj2kws5lerlhsobw6aut73lasfbqfusaik4dtvpaxzqlw3a",
                "image_source_details": [],
                "instance_id": "",
                "launch_mode": "NATIVE",
                "launch_options": [
                  {
                    "boot_volume_type": "PARAVIRTUALIZED",
                    "firmware": "UEFI_64",
                    "is_consistent_volume_naming_enabled": true,
                    "is_pv_encryption_in_transit_enabled": true,
                    "network_type": "PARAVIRTUALIZED",
                    "remote_data_volume_type": "PARAVIRTUALIZED"
                  }
                ],
                "listing_type": "",
                "operating_system": "Oracle Linux",
                "operating_system_version": "8",
                "size_in_mbs": "47719",
                "state": "AVAILABLE",
                "time_created": "2025-09-03 04:03:02.227 +0000 UTC"
              }
            ],
            "operating_system": "Oracle Linux",
            "operating_system_version": "8",
            "shape": "VM.Standard.E4.Flex",
            "sort_by": "TIMECREATED",
            "sort_order": "DESC",
            "state": null
          },
          "sensitive_attributes": []
        }
      ]
    },
    {
      "module": "module.app3_compute_instances[\"instance://vm_demo/demo/app3_instance\"]",
      "mode": "managed",
      "type": "oci_core_instance",
      "name": "this",
      "provider": "provider[\"registry.terraform.io/oracle/oci\"]",
      "instances": [
        {
          "schema_version": 0,
          "attributes": {
            "agent_config": [
              {
                "are_all_plugins_disabled": false,
                "is_management_disabled": false,
                "is_monitoring_disabled": false,
                "plugins_config": [
                  {
                    "desired_state": "ENABLED",
                    "name": "Bastion"
                  }
                ]
              }
            ],
            "async": null,
            "availability_config": [
              {
                "is_live_migration_preferred": false,
                "recovery_action": "RESTORE_INSTANCE"
              }
            ],
            "availability_domain": "jJRq:EU-ZURICH-1-AD-1",
            "boot_volume_id": "ocid1.bootvolume.oc1.eu-zurich-1.ab5heljre6lyt35zzb4pbcuumuqvocdoqxlb7u4bfxyplbkhi57woz5a74jq",
            "capacity_reservation_id": null,
            "cluster_placement_group_id": null,
            "compartment_id": "ocid1.compartment.oc1..aaaaaaaa3ze5cwuso2kggf7isu4bm5ue523jov5nul6insm6iouy2iiq7qla",
            "compute_cluster_id": null,
            "create_vnic_details": [
              {
                "assign_ipv6ip": false,
                "assign_private_dns_record": false,
                "assign_public_ip": "false",
                "defined_tags": {
                  "Oracle-Tags.CreatedBy": "default/ryszard.styczynski@avaloq.com",
                  "Oracle-Tags.CreatedOn": "2025-11-29T21:25:04.872Z"
                },
                "display_name": "app3_instance-vnic",
                "freeform_tags": {
                  "component": "oci-vending-machine",
                  "managed_by": "terraform"
                },
                "hostname_label": "app3-instance-vnic",
                "ipv6address_ipv6subnet_cidr_pair_details": [],
                "nsg_ids": [
                  "ocid1.networksecuritygroup.oc1.eu-zurich-1.aaaaaaaaovzem7eup4gsy6ylnfallkcugc6jqwao43wauhrblhvgpg46omla"
                ],
                "private_ip": "10.0.1.81",
                "security_attributes": {},
                "skip_source_dest_check": false,
                "subnet_cidr": "",
                "subnet_id": "ocid1.subnet.oc1.eu-zurich-1.aaaaaaaagrty5edhbcpo43u5ciaiz2j2fpyypb5c5zz4xdgyxyokdyj7waua",
                "vlan_id": ""
              }
            ],
            "dedicated_vm_host_id": null,
            "defined_tags": {
              "Oracle-Tags.CreatedBy": "default/ryszard.styczynski@avaloq.com",
              "Oracle-Tags.CreatedOn": "2025-11-29T21:25:04.772Z"
            },
            "display_name": "app3_instance",
            "extended_metadata": {},
            "fault_domain": "FAULT-DOMAIN-3",
            "freeform_tags": {
              "component": "oci-vending-machine",
              "managed_by": "terraform"
            },
            "hostname_label": "app3-instance-vnic",
            "id": "ocid1.instance.oc1.eu-zurich-1.an5heljrknhfuyicn2orwjg3v3bncwj4cz6agvhod3xzppcniqkeplbvy4mq",
            "image": "ocid1.image.oc1.eu-zurich-1.aaaaaaaaykavmggnqfvydvhgj6r2zqvikznlx6rhqnquyd2eltmalvsca2gq",
            "instance_configuration_id": null,
            "instance_options": [
              {
                "are_legacy_imds_endpoints_disabled": false
              }
            ],
            "ipxe_script": null,
            "is_ai_enterprise_enabled": null,
            "is_cross_numa_node": false,
            "is_pv_encryption_in_transit_enabled": null,
            "launch_mode": "PARAVIRTUALIZED",
            "launch_options": [
              {
                "boot_volume_type": "PARAVIRTUALIZED",
                "firmware": "UEFI_64",
                "is_consistent_volume_naming_enabled": true,
                "is_pv_encryption_in_transit_enabled": false,
                "network_type": "PARAVIRTUALIZED",
                "remote_data_volume_type": "PARAVIRTUALIZED"
              }
            ],
            "launch_volume_attachments": [],
            "licensing_configs": [],
            "metadata": {
              "ssh_authorized_keys": "ssh-rsa AAAAB3NzaC1yc2EAAAADAQABAAACAQDi7dWcWn0+ciNUI35ItsmchDxEV8+HyRmVvGVo1I9gbDI7Y+k4KkW1fdls1YfgzuLdah61SLvlnSRjG6D33EmaKL6l9GjzLIFNDPR9InTT2iPBGzm/bVy6jXYBT5+r4Yriw3ggxeudu6vkSxjBzXch3Dgkj58xcHt9qRbVPp9iEnBbBvBEHEuJ+Gnx4xBDhXS/ZXANwAAfgO/Y0SNSzjsOoFCG8diBJ3gT6fyIVrMxVHFk7n21k7Ef4SaYv6uV8xy2rGg3d/ji+AUjQMQircO8uLlNp6PvkpJi2PA/4vebpJETTMfZP/2kVV97Xa8eQEQC4soLQb6V1GlZACKUSDME7im2wEL39KkGJi1EVGSUjXWdk3Y19j+6+mxW5K5zSQezdzFiktl1pA14C/0cio+QN/Pdl02afJjOdvdeaO5CHYUpsXnt1WC3wOOkW9A1SkM8gmB/Af0EhCQLd4y5YWqPQENFW3w1g6l2TMDEv3Npj+eDN92PqmLJ5E6KBp3Hs8JI3+1XAZzJqp3h9+strqVpnb26pBzv8BFeM/kvcmnMCcA4gdtAq4YE4M2dpcalDANtwnSBe8IlO1LimIvFjaRW0JqJteB0dF5j2SpNeEvLbl8RVzwizBJnQiTkLER7E3HeTtzoF8CgTCcUaS+SEPbvLQ2k6wqeOpHDzoCwWO4Obw== rstyczynski@rstyczynski-mac"
            },
            "placement_constraint_details": [],
            "platform_config": [],
            "preemptible_instance_config": [],
            "preserve_boot_volume": null,
            "preserve_data_volumes_created_at_launch": null,
            "private_ip": "10.0.1.81",
            "public_ip": "",
            "region": "eu-zurich-1",
            "security_attributes": {},
            "security_attributes_state": "STABLE",
            "shape": "VM.Standard.E4.Flex",
            "shape_config": [
              {
                "baseline_ocpu_utilization": "",
                "gpu_description": "",
                "gpus": 0,
                "local_disk_description": "",
                "local_disks": 0,
                "local_disks_total_size_in_gbs": 0,
                "max_vnic_attachments": 2,
                "memory_in_gbs": 16,
                "networking_bandwidth_in_gbps": 1,
                "nvmes": 0,
                "ocpus": 1,
                "processor_description": "2.55 GHz AMD EPYC™ 7J13 (Milan)",
                "resource_management": "",
                "vcpus": 2
              }
            ],
            "source_details": [
              {
                "boot_volume_size_in_gbs": "50",
                "boot_volume_vpus_per_gb": "10",
                "instance_source_image_filter_details": [],
                "is_preserve_boot_volume_enabled": false,
                "kms_key_id": "",
                "source_id": "ocid1.image.oc1.eu-zurich-1.aaaaaaaaykavmggnqfvydvhgj6r2zqvikznlx6rhqnquyd2eltmalvsca2gq",
                "source_type": "image"
              }
            ],
            "state": "RUNNING",
            "subnet_id": "ocid1.subnet.oc1.eu-zurich-1.aaaaaaaagrty5edhbcpo43u5ciaiz2j2fpyypb5c5zz4xdgyxyokdyj7waua",
            "system_tags": {},
            "time_created": "2025-11-29 21:25:05.393 +0000 UTC",
            "time_maintenance_reboot_due": "",
            "timeouts": null,
            "update_operation_constraint": null
          },
          "sensitive_attributes": [],
          "private": "eyJlMmJmYjczMC1lY2FhLTExZTYtOGY4OC0zNDM2M2JjN2M0YzAiOnsiY3JlYXRlIjoyNzAwMDAwMDAwMDAwLCJkZWxldGUiOjQ1MDAwMDAwMDAwMDAsInVwZGF0ZSI6MjcwMDAwMDAwMDAwMH19",
          "dependencies": [
            "data.oci_identity_availability_domains.ads",
            "module.app1_nsgs.oci_core_network_security_group.this",
            "module.app1_nsgs.oci_core_network_security_group_security_rule.this",
            "module.app2_nsgs.oci_core_network_security_group.this",
            "module.app2_nsgs.oci_core_network_security_group_security_rule.this",
            "module.app3_compute_instances.data.oci_core_images.ol8",
            "module.compartments.module.compartment_level_1.oci_identity_compartment.this",
            "module.compartments.module.compartment_level_2.oci_identity_compartment.this",
            "module.compartments.module.compartment_level_3.oci_identity_compartment.this",
            "module.compartments.module.compartment_level_4.oci_identity_compartment.this",
            "module.compartments.module.compartment_level_5.oci_identity_compartment.this",
            "module.compartments.module.compartment_level_6.oci_identity_compartment.this",
            "module.log_groups.oci_logging_log_group.this",
            "module.subnets.oci_core_subnet.this",
            "module.subnets.oci_logging_log.this",
            "module.vcns.data.oci_core_services.all_services",
            "module.vcns.oci_core_default_route_table.this",
            "module.vcns.oci_core_internet_gateway.this",
            "module.vcns.oci_core_nat_gateway.this",
            "module.vcns.oci_core_route_table.nat_gateway_rt",
            "module.vcns.oci_core_route_table.service_gateway_rt",
            "module.vcns.oci_core_service_gateway.this",
            "module.vcns.oci_core_vcn.this"
          ]
        }
      ]
    },
    {
      "module": "module.bastions[\"bastion://vm_demo/demo/demo_bastion\"]",
      "mode": "managed",
      "type": "oci_bastion_bastion",
      "name": "this",
      "provider": "provider[\"registry.terraform.io/oracle/oci\"]",
      "instances": [
        {
          "schema_version": 0,
          "attributes": {
            "bastion_type": "STANDARD",
            "client_cidr_block_allow_list": [
              "0.0.0.0/0"
            ],
            "compartment_id": "ocid1.compartment.oc1..aaaaaaaa3ze5cwuso2kggf7isu4bm5ue523jov5nul6insm6iouy2iiq7qla",
            "defined_tags": {
              "Oracle-Tags.CreatedBy": "default/ryszard.styczynski@avaloq.com",
              "Oracle-Tags.CreatedOn": "2025-11-29T21:17:00.781Z"
            },
            "dns_proxy_status": "DISABLED",
            "freeform_tags": {
              "component": "oci-vending-machine",
              "managed_by": "terraform"
            },
            "id": "ocid1.bastion.oc1.eu-zurich-1.amaaaaaaknhfuyiai4spi3htwhpbz57hbfftrvevcsqcnbypcuxfm5tu6kda",
            "lifecycle_details": null,
            "max_session_ttl_in_seconds": 10800,
            "max_sessions_allowed": 20,
            "name": "demo_bastion",
            "phone_book_entry": null,
            "private_endpoint_ip_address": "10.0.1.158",
            "security_attributes": {},
            "state": "ACTIVE",
            "static_jump_host_ip_addresses": [],
            "system_tags": {},
            "target_subnet_id": "ocid1.subnet.oc1.eu-zurich-1.aaaaaaaagrty5edhbcpo43u5ciaiz2j2fpyypb5c5zz4xdgyxyokdyj7waua",
            "target_vcn_id": "ocid1.vcn.oc1.eu-zurich-1.amaaaaaaknhfuyianfztxj6czk47kxhd45zd2u3f6bg4lkwho7suzagzj6na",
            "time_created": "2025-11-29 21:17:04.975 +0000 UTC",
            "time_updated": "2025-11-29 21:19:11.806 +0000 UTC",
            "timeouts": null
          },
          "sensitive_attributes": [],
          "private": "eyJlMmJmYjczMC1lY2FhLTExZTYtOGY4OC0zNDM2M2JjN2M0YzAiOnsiY3JlYXRlIjoxMjAwMDAwMDAwMDAwLCJkZWxldGUiOjEyMDAwMDAwMDAwMDAsInVwZGF0ZSI6MTIwMDAwMDAwMDAwMH19",
          "dependencies": [
            "module.compartments.module.compartment_level_1.oci_identity_compartment.this",
            "module.compartments.module.compartment_level_2.oci_identity_compartment.this",
            "module.compartments.module.compartment_level_3.oci_identity_compartment.this",
            "module.compartments.module.compartment_level_4.oci_identity_compartment.this",
            "module.compartments.module.compartment_level_5.oci_identity_compartment.this",
            "module.compartments.module.compartment_level_6.oci_identity_compartment.this",
            "module.log_groups.oci_logging_log_group.this",
            "module.subnets.oci_core_subnet.this",
            "module.subnets.oci_logging_log.this",
            "module.vcns.data.oci_core_services.all_services",
            "module.vcns.oci_core_default_route_table.this",
            "module.vcns.oci_core_internet_gateway.this",
            "module.vcns.oci_core_nat_gateway.this",
            "module.vcns.oci_core_route_table.nat_gateway_rt",
            "module.vcns.oci_core_route_table.service_gateway_rt",
            "module.vcns.oci_core_service_gateway.this",
            "module.vcns.oci_core_vcn.this"
          ]
        }
      ]
    },
    {
      "module": "module.compartments.module.compartment_level_1[\"cmp://vm_demo\"]",
      "mode": "managed",
      "type": "oci_identity_compartment",
      "name": "this",
      "provider": "provider[\"registry.terraform.io/oracle/oci\"]",
      "instances": [
        {
          "schema_version": 0,
          "attributes": {
            "compartment_id": "ocid1.tenancy.oc1..aaaaaaaay2b2tvqcmqmndvcbz5kuptzuo7sp4vufarqfgoru7qojdgywb27a",
            "defined_tags": {
              "Oracle-Tags.CreatedBy": "default/ryszard.styczynski@avaloq.com",
              "Oracle-Tags.CreatedOn": "2025-11-29T07:01:09.375Z"
            },
            "description": "Intermediate compartment level",
            "enable_delete": false,
            "freeform_tags": {
              "component": "oci-vending-machine",
              "managed_by": "terraform"
            },
            "id": "ocid1.compartment.oc1..aaaaaaaaeix6h7pxpffe6g3ppmwgmydcslsm35tqfcfnoo4wwjv3uesgqtia",
            "inactive_state": null,
            "is_accessible": true,
            "name": "vm_demo",
            "state": "ACTIVE",
            "time_created": "2025-11-29 07:01:09.492 +0000 UTC",
            "timeouts": null
          },
          "sensitive_attributes": [],
          "private": "eyJlMmJmYjczMC1lY2FhLTExZTYtOGY4OC0zNDM2M2JjN2M0YzAiOnsiZGVsZXRlIjo1NDAwMDAwMDAwMDAwfX0="
        }
      ]
    },
    {
      "module": "module.compartments.module.compartment_level_2[\"cmp://vm_demo/demo\"]",
      "mode": "managed",
      "type": "oci_identity_compartment",
      "name": "this",
      "provider": "provider[\"registry.terraform.io/oracle/oci\"]",
      "instances": [
        {
          "schema_version": 0,
          "attributes": {
            "compartment_id": "ocid1.compartment.oc1..aaaaaaaaeix6h7pxpffe6g3ppmwgmydcslsm35tqfcfnoo4wwjv3uesgqtia",
            "defined_tags": {
              "Oracle-Tags.CreatedBy": "default/ryszard.styczynski@avaloq.com",
              "Oracle-Tags.CreatedOn": "2025-11-29T07:16:45.942Z"
            },
            "description": "Demo Compartment",
            "enable_delete": false,
            "freeform_tags": {
              "component": "oci-vending-machine",
              "managed_by": "terraform"
            },
            "id": "ocid1.compartment.oc1..aaaaaaaa3ze5cwuso2kggf7isu4bm5ue523jov5nul6insm6iouy2iiq7qla",
            "inactive_state": null,
            "is_accessible": true,
            "name": "demo",
            "state": "ACTIVE",
            "time_created": "2025-11-29 07:16:45.992 +0000 UTC",
            "timeouts": null
          },
          "sensitive_attributes": [],
          "private": "eyJlMmJmYjczMC1lY2FhLTExZTYtOGY4OC0zNDM2M2JjN2M0YzAiOnsiZGVsZXRlIjo1NDAwMDAwMDAwMDAwfX0=",
          "dependencies": [
            "module.compartments.module.compartment_level_1.oci_identity_compartment.this"
          ]
        }
      ]
    },
    {
      "module": "module.log_groups[\"log_group://vm_demo/demo/demo_log_group\"]",
      "mode": "managed",
      "type": "oci_logging_log_group",
      "name": "this",
      "provider": "provider[\"registry.terraform.io/oracle/oci\"]",
      "instances": [
        {
          "schema_version": 0,
          "attributes": {
            "compartment_id": "ocid1.compartment.oc1..aaaaaaaa3ze5cwuso2kggf7isu4bm5ue523jov5nul6insm6iouy2iiq7qla",
            "defined_tags": {
              "Oracle-Tags.CreatedBy": "default/ryszard.styczynski@avaloq.com",
              "Oracle-Tags.CreatedOn": "2025-11-29T21:03:08.777Z"
            },
            "description": "Log group for VCN flow logs",
            "display_name": "demo_log_group",
            "freeform_tags": {
              "component": "oci-vending-machine",
              "managed_by": "terraform"
            },
            "id": "ocid1.loggroup.oc1.eu-zurich-1.amaaaaaaknhfuyiapodvnwiqdg6bfh4wyyi5ig4444go7yg6xpdl5dniwsgq",
            "state": "ACTIVE",
            "time_created": "2025-11-29 21:03:08.82 +0000 UTC",
            "time_last_modified": "2025-11-29 21:03:08.82 +0000 UTC",
            "timeouts": null
          },
          "sensitive_attributes": [],
          "private": "eyJlMmJmYjczMC1lY2FhLTExZTYtOGY4OC0zNDM2M2JjN2M0YzAiOnsiY3JlYXRlIjoxMjAwMDAwMDAwMDAwLCJkZWxldGUiOjEyMDAwMDAwMDAwMDAsInVwZGF0ZSI6MTIwMDAwMDAwMDAwMH19",
          "dependencies": [
            "module.compartments.module.compartment_level_1.oci_identity_compartment.this",
            "module.compartments.module.compartment_level_2.oci_identity_compartment.this",
            "module.compartments.module.compartment_level_3.oci_identity_compartment.this",
            "module.compartments.module.compartment_level_4.oci_identity_compartment.this",
            "module.compartments.module.compartment_level_5.oci_identity_compartment.this",
            "module.compartments.module.compartment_level_6.oci_identity_compartment.this"
          ]
        }
      ]
    },
    {
      "module": "module.subnets[\"sub://vm_demo/demo/demo_vcn/public_subnet\"]",
      "mode": "managed",
      "type": "oci_core_subnet",
      "name": "this",
      "provider": "provider[\"registry.terraform.io/oracle/oci\"]",
      "instances": [
        {
          "schema_version": 0,
          "attributes": {
            "availability_domain": null,
            "cidr_block": "10.0.1.0/24",
            "compartment_id": "ocid1.compartment.oc1..aaaaaaaa3ze5cwuso2kggf7isu4bm5ue523jov5nul6insm6iouy2iiq7qla",
            "defined_tags": {
              "Oracle-Tags.CreatedBy": "default/ryszard.styczynski@avaloq.com",
              "Oracle-Tags.CreatedOn": "2025-11-29T21:16:54.234Z"
            },
            "dhcp_options_id": "ocid1.dhcpoptions.oc1.eu-zurich-1.aaaaaaaaoqzwqmu4sxjgr3wksxowvvkq5zoz5gguqf63malcv3qtf364omsa",
            "display_name": "public_subnet",
            "dns_label": "publicsubnet",
            "freeform_tags": {
              "component": "oci-vending-machine",
              "managed_by": "terraform"
            },
            "id": "ocid1.subnet.oc1.eu-zurich-1.aaaaaaaagrty5edhbcpo43u5ciaiz2j2fpyypb5c5zz4xdgyxyokdyj7waua",
            "ipv4cidr_blocks": [
              "10.0.1.0/24"
            ],
            "ipv6cidr_block": null,
            "ipv6cidr_blocks": [],
            "ipv6virtual_router_ip": null,
            "prohibit_internet_ingress": true,
            "prohibit_public_ip_on_vnic": true,
            "route_table_id": "ocid1.routetable.oc1.eu-zurich-1.aaaaaaaa2wmavn4afjuovblfyc4ren76n4zzxayt6nvjhhfyynvy5jpk4w2q",
            "security_list_ids": [
              "ocid1.securitylist.oc1.eu-zurich-1.aaaaaaaa5brahsdq6olh4oeyckb3ycfu33o6op63cov2363rdgyuv3jneaia"
            ],
            "state": "AVAILABLE",
            "subnet_domain_name": "publicsubnet.demovcn.oraclevcn.com",
            "time_created": "2025-11-29 21:16:54.261 +0000 UTC",
            "timeouts": null,
            "vcn_id": "ocid1.vcn.oc1.eu-zurich-1.amaaaaaaknhfuyianfztxj6czk47kxhd45zd2u3f6bg4lkwho7suzagzj6na",
            "virtual_router_ip": "10.0.1.1",
            "virtual_router_mac": "00:00:17:EE:22:6C"
          },
          "sensitive_attributes": [],
          "private": "eyJlMmJmYjczMC1lY2FhLTExZTYtOGY4OC0zNDM2M2JjN2M0YzAiOnsiY3JlYXRlIjoxMjAwMDAwMDAwMDAwLCJkZWxldGUiOjEyMDAwMDAwMDAwMDAsInVwZGF0ZSI6MTIwMDAwMDAwMDAwMH19",
          "dependencies": [
            "module.compartments.module.compartment_level_1.oci_identity_compartment.this",
            "module.compartments.module.compartment_level_2.oci_identity_compartment.this",
            "module.compartments.module.compartment_level_3.oci_identity_compartment.this",
            "module.compartments.module.compartment_level_4.oci_identity_compartment.this",
            "module.compartments.module.compartment_level_5.oci_identity_compartment.this",
            "module.compartments.module.compartment_level_6.oci_identity_compartment.this",
            "module.log_groups.oci_logging_log_group.this",
            "module.vcns.data.oci_core_services.all_services",
            "module.vcns.oci_core_default_route_table.this",
            "module.vcns.oci_core_internet_gateway.this",
            "module.vcns.oci_core_nat_gateway.this",
            "module.vcns.oci_core_route_table.nat_gateway_rt",
            "module.vcns.oci_core_route_table.service_gateway_rt",
            "module.vcns.oci_core_service_gateway.this",
            "module.vcns.oci_core_vcn.this"
          ]
        }
      ]
    },
    {
      "module": "module.subnets[\"sub://vm_demo/demo/demo_vcn/public_subnet\"]",
      "mode": "managed",
      "type": "oci_logging_log",
      "name": "this",
      "provider": "provider[\"registry.terraform.io/oracle/oci\"]",
      "instances": [
        {
          "index_key": 0,
          "schema_version": 0,
          "attributes": {
            "compartment_id": "ocid1.compartment.oc1..aaaaaaaa3ze5cwuso2kggf7isu4bm5ue523jov5nul6insm6iouy2iiq7qla",
            "configuration": [
              {
                "compartment_id": "ocid1.compartment.oc1..aaaaaaaa3ze5cwuso2kggf7isu4bm5ue523jov5nul6insm6iouy2iiq7qla",
                "source": [
                  {
                    "category": "all",
                    "parameters": {},
                    "resource": "ocid1.subnet.oc1.eu-zurich-1.aaaaaaaagrty5edhbcpo43u5ciaiz2j2fpyypb5c5zz4xdgyxyokdyj7waua",
                    "service": "flowlogs",
                    "source_type": "OCISERVICE"
                  }
                ]
              }
            ],
            "defined_tags": {
              "Oracle-Tags.CreatedBy": "default/ryszard.styczynski@avaloq.com",
              "Oracle-Tags.CreatedOn": "2025-11-29T21:16:56.506Z"
            },
            "display_name": "public_subnet-flow-log",
            "freeform_tags": {
              "component": "oci-vending-machine",
              "managed_by": "terraform"
            },
            "id": "ocid1.log.oc1.eu-zurich-1.amaaaaaaknhfuyiacz3wzko7525uv6rew5igh5rqejzmhwzlwnbjbobme2fa",
            "is_enabled": true,
            "log_group_id": "ocid1.loggroup.oc1.eu-zurich-1.amaaaaaaknhfuyiapodvnwiqdg6bfh4wyyi5ig4444go7yg6xpdl5dniwsgq",
            "log_type": "SERVICE",
            "retention_duration": 30,
            "state": "ACTIVE",
            "tenancy_id": "ocid1.tenancy.oc1..aaaaaaaay2b2tvqcmqmndvcbz5kuptzuo7sp4vufarqfgoru7qojdgywb27a",
            "time_created": "2025-11-29 21:16:56.551 +0000 UTC",
            "time_last_modified": "2025-11-29 21:16:56.551 +0000 UTC",
            "timeouts": null
          },
          "sensitive_attributes": [],
          "private": "eyJlMmJmYjczMC1lY2FhLTExZTYtOGY4OC0zNDM2M2JjN2M0YzAiOnsiY3JlYXRlIjoxMjAwMDAwMDAwMDAwLCJkZWxldGUiOjEyMDAwMDAwMDAwMDAsInVwZGF0ZSI6MTIwMDAwMDAwMDAwMH19",
          "dependencies": [
            "module.compartments.module.compartment_level_1.oci_identity_compartment.this",
            "module.compartments.module.compartment_level_2.oci_identity_compartment.this",
            "module.compartments.module.compartment_level_3.oci_identity_compartment.this",
            "module.compartments.module.compartment_level_4.oci_identity_compartment.this",
            "module.compartments.module.compartment_level_5.oci_identity_compartment.this",
            "module.compartments.module.compartment_level_6.oci_identity_compartment.this",
            "module.log_groups.oci_logging_log_group.this",
            "module.subnets.oci_core_subnet.this",
            "module.vcns.data.oci_core_services.all_services",
            "module.vcns.oci_core_default_route_table.this",
            "module.vcns.oci_core_internet_gateway.this",
            "module.vcns.oci_core_nat_gateway.this",
            "module.vcns.oci_core_route_table.nat_gateway_rt",
            "module.vcns.oci_core_route_table.service_gateway_rt",
            "module.vcns.oci_core_service_gateway.this",
            "module.vcns.oci_core_vcn.this"
          ]
        }
      ]
    },
    {
      "module": "module.vcns[\"vcn://vm_demo/demo/demo_vcn\"]",
      "mode": "data",
      "type": "oci_core_services",
      "name": "all_services",
      "provider": "provider[\"registry.terraform.io/oracle/oci\"]",
      "instances": [
        {
          "index_key": 0,
          "schema_version": 0,
          "attributes": {
            "filter": [
              {
                "name": "name",
                "regex": true,
                "values": [
                  "All .* Services In Oracle Services Network"
                ]
              }
            ],
            "id": "CoreServicesDataSource-0",
            "services": [
              {
                "cidr_block": "all-zrh-services-in-oracle-services-network",
                "description": "All ZRH Services In Oracle Services Network",
                "id": "ocid1.service.oc1.eu-zurich-1.aaaaaaaa2usc6dwyovmnawq2lksrhguvbjslapntbqxiemcq565wggwziyoa",
                "name": "All ZRH Services In Oracle Services Network"
              }
            ]
          },
          "sensitive_attributes": []
        }
      ]
    },
    {
      "module": "module.vcns[\"vcn://vm_demo/demo/demo_vcn\"]",
      "mode": "managed",
      "type": "oci_core_default_route_table",
      "name": "this",
      "provider": "provider[\"registry.terraform.io/oracle/oci\"]",
      "instances": [
        {
          "index_key": 0,
          "schema_version": 0,
          "attributes": {
            "compartment_id": "ocid1.compartment.oc1..aaaaaaaa3ze5cwuso2kggf7isu4bm5ue523jov5nul6insm6iouy2iiq7qla",
            "defined_tags": {
              "Oracle-Tags.CreatedBy": "default/ryszard.styczynski@avaloq.com",
              "Oracle-Tags.CreatedOn": "2025-11-29T18:51:46.170Z"
            },
            "display_name": "demo_vcn-default-rt",
            "freeform_tags": {
              "component": "oci-vending-machine",
              "managed_by": "terraform"
            },
            "id": "ocid1.routetable.oc1.eu-zurich-1.aaaaaaaa2wmavn4afjuovblfyc4ren76n4zzxayt6nvjhhfyynvy5jpk4w2q",
            "manage_default_resource_id": "ocid1.routetable.oc1.eu-zurich-1.aaaaaaaa2wmavn4afjuovblfyc4ren76n4zzxayt6nvjhhfyynvy5jpk4w2q",
            "route_rules": [
              {
                "cidr_block": "",
                "description": "",
                "destination": "0.0.0.0/0",
                "destination_type": "CIDR_BLOCK",
                "network_entity_id": "ocid1.natgateway.oc1.eu-zurich-1.aaaaaaaao5ez5dqd4yzehcsd4kyyvezgoeiati6wnnqz4l42csms7upctgqq",
                "route_type": "STATIC"
              },
              {
                "cidr_block": "",
                "description": "",
                "destination": "all-zrh-services-in-oracle-services-network",
                "destination_type": "SERVICE_CIDR_BLOCK",
                "network_entity_id": "ocid1.servicegateway.oc1.eu-zurich-1.aaaaaaaajrsab7tohpwdwzmm2x6r6vf6yz24v7he4wgrg7ueuwxtcbi2qbba",
                "route_type": "STATIC"
              }
            ],
            "state": "AVAILABLE",
            "time_created": "2025-11-29 18:51:46.222 +0000 UTC",
            "timeouts": null
          },
          "sensitive_attributes": [],
          "private": "eyJlMmJmYjczMC1lY2FhLTExZTYtOGY4OC0zNDM2M2JjN2M0YzAiOnsiY3JlYXRlIjoxMjAwMDAwMDAwMDAwLCJkZWxldGUiOjEyMDAwMDAwMDAwMDAsInVwZGF0ZSI6MTIwMDAwMDAwMDAwMH19",
          "dependencies": [
            "module.compartments.module.compartment_level_1.oci_identity_compartment.this",
            "module.compartments.module.compartment_level_2.oci_identity_compartment.this",
            "module.compartments.module.compartment_level_3.oci_identity_compartment.this",
            "module.compartments.module.compartment_level_4.oci_identity_compartment.this",
            "module.compartments.module.compartment_level_5.oci_identity_compartment.this",
            "module.compartments.module.compartment_level_6.oci_identity_compartment.this",
            "module.vcns.data.oci_core_services.all_services",
            "module.vcns.oci_core_internet_gateway.this",
            "module.vcns.oci_core_nat_gateway.this",
            "module.vcns.oci_core_service_gateway.this",
            "module.vcns.oci_core_vcn.this"
          ]
        }
      ]
    },
    {
      "module": "module.vcns[\"vcn://vm_demo/demo/demo_vcn\"]",
      "mode": "managed",
      "type": "oci_core_nat_gateway",
      "name": "this",
      "provider": "provider[\"registry.terraform.io/oracle/oci\"]",
      "instances": [
        {
          "index_key": 0,
          "schema_version": 0,
          "attributes": {
            "block_traffic": false,
            "compartment_id": "ocid1.compartment.oc1..aaaaaaaa3ze5cwuso2kggf7isu4bm5ue523jov5nul6insm6iouy2iiq7qla",
            "defined_tags": {
              "Oracle-Tags.CreatedBy": "default/ryszard.styczynski@avaloq.com",
              "Oracle-Tags.CreatedOn": "2025-11-29T20:49:05.656Z"
            },
            "display_name": "demo_vcn-nat",
            "freeform_tags": {
              "component": "oci-vending-machine",
              "managed_by": "terraform"
            },
            "id": "ocid1.natgateway.oc1.eu-zurich-1.aaaaaaaao5ez5dqd4yzehcsd4kyyvezgoeiati6wnnqz4l42csms7upctgqq",
            "nat_ip": "144.24.232.134",
            "public_ip_id": "ocid1.publicip.oc1.eu-zurich-1.aaaaaaaagjwiyatqleipz5obwvlsfl7qk7qdd4xuhhhcdnfgs7ahkh5xsqua",
            "route_table_id": null,
            "state": "AVAILABLE",
            "time_created": "2025-11-29 20:49:05.813 +0000 UTC",
            "timeouts": null,
            "vcn_id": "ocid1.vcn.oc1.eu-zurich-1.amaaaaaaknhfuyianfztxj6czk47kxhd45zd2u3f6bg4lkwho7suzagzj6na"
          },
          "sensitive_attributes": [],
          "private": "eyJlMmJmYjczMC1lY2FhLTExZTYtOGY4OC0zNDM2M2JjN2M0YzAiOnsiY3JlYXRlIjoxMjAwMDAwMDAwMDAwLCJkZWxldGUiOjEyMDAwMDAwMDAwMDAsInVwZGF0ZSI6MTIwMDAwMDAwMDAwMH19",
          "dependencies": [
            "module.compartments.module.compartment_level_1.oci_identity_compartment.this",
            "module.compartments.module.compartment_level_2.oci_identity_compartment.this",
            "module.compartments.module.compartment_level_3.oci_identity_compartment.this",
            "module.compartments.module.compartment_level_4.oci_identity_compartment.this",
            "module.compartments.module.compartment_level_5.oci_identity_compartment.this",
            "module.compartments.module.compartment_level_6.oci_identity_compartment.this",
            "module.vcns.oci_core_vcn.this"
          ]
        }
      ]
    },
    {
      "module": "module.vcns[\"vcn://vm_demo/demo/demo_vcn\"]",
      "mode": "managed",
      "type": "oci_core_service_gateway",
      "name": "this",
      "provider": "provider[\"registry.terraform.io/oracle/oci\"]",
      "instances": [
        {
          "index_key": 0,
          "schema_version": 0,
          "attributes": {
            "block_traffic": false,
            "compartment_id": "ocid1.compartment.oc1..aaaaaaaa3ze5cwuso2kggf7isu4bm5ue523jov5nul6insm6iouy2iiq7qla",
            "defined_tags": {
              "Oracle-Tags.CreatedBy": "default/ryszard.styczynski@avaloq.com",
              "Oracle-Tags.CreatedOn": "2025-11-29T19:13:20.455Z"
            },
            "display_name": "demo_vcn-sgw",
            "freeform_tags": {
              "component": "oci-vending-machine",
              "managed_by": "terraform"
            },
            "id": "ocid1.servicegateway.oc1.eu-zurich-1.aaaaaaaajrsab7tohpwdwzmm2x6r6vf6yz24v7he4wgrg7ueuwxtcbi2qbba",
            "route_table_id": null,
            "services": [
              {
                "service_id": "ocid1.service.oc1.eu-zurich-1.aaaaaaaa2usc6dwyovmnawq2lksrhguvbjslapntbqxiemcq565wggwziyoa",
                "service_name": "All ZRH Services In Oracle Services Network"
              }
            ],
            "state": "AVAILABLE",
            "time_created": "2025-11-29 19:13:23.447 +0000 UTC",
            "timeouts": null,
            "vcn_id": "ocid1.vcn.oc1.eu-zurich-1.amaaaaaaknhfuyianfztxj6czk47kxhd45zd2u3f6bg4lkwho7suzagzj6na"
          },
          "sensitive_attributes": [],
          "private": "eyJlMmJmYjczMC1lY2FhLTExZTYtOGY4OC0zNDM2M2JjN2M0YzAiOnsiY3JlYXRlIjoxMjAwMDAwMDAwMDAwLCJkZWxldGUiOjEyMDAwMDAwMDAwMDAsInVwZGF0ZSI6MTIwMDAwMDAwMDAwMH19",
          "dependencies": [
            "module.compartments.module.compartment_level_1.oci_identity_compartment.this",
            "module.compartments.module.compartment_level_2.oci_identity_compartment.this",
            "module.compartments.module.compartment_level_3.oci_identity_compartment.this",
            "module.compartments.module.compartment_level_4.oci_identity_compartment.this",
            "module.compartments.module.compartment_level_5.oci_identity_compartment.this",
            "module.compartments.module.compartment_level_6.oci_identity_compartment.this",
            "module.vcns.data.oci_core_services.all_services",
            "module.vcns.oci_core_vcn.this"
          ]
        }
      ]
    },
    {
      "module": "module.vcns[\"vcn://vm_demo/demo/demo_vcn\"]",
      "mode": "managed",
      "type": "oci_core_vcn",
      "name": "this",
      "provider": "provider[\"registry.terraform.io/oracle/oci\"]",
      "instances": [
        {
          "schema_version": 0,
          "attributes": {
            "byoipv6cidr_blocks": [],
            "byoipv6cidr_details": [],
            "cidr_block": "10.0.0.0/16",
            "cidr_blocks": [
              "10.0.0.0/16"
            ],
            "compartment_id": "ocid1.compartment.oc1..aaaaaaaa3ze5cwuso2kggf7isu4bm5ue523jov5nul6insm6iouy2iiq7qla",
            "default_dhcp_options_id": "ocid1.dhcpoptions.oc1.eu-zurich-1.aaaaaaaaoqzwqmu4sxjgr3wksxowvvkq5zoz5gguqf63malcv3qtf364omsa",
            "default_route_table_id": "ocid1.routetable.oc1.eu-zurich-1.aaaaaaaa2wmavn4afjuovblfyc4ren76n4zzxayt6nvjhhfyynvy5jpk4w2q",
            "default_security_list_id": "ocid1.securitylist.oc1.eu-zurich-1.aaaaaaaa5brahsdq6olh4oeyckb3ycfu33o6op63cov2363rdgyuv3jneaia",
            "defined_tags": {
              "Oracle-Tags.CreatedBy": "default/ryszard.styczynski@avaloq.com",
              "Oracle-Tags.CreatedOn": "2025-11-29T18:51:46.170Z"
            },
            "display_name": "demo_vcn",
            "dns_label": "demovcn",
            "freeform_tags": {
              "component": "oci-vending-machine",
              "managed_by": "terraform"
            },
            "id": "ocid1.vcn.oc1.eu-zurich-1.amaaaaaaknhfuyianfztxj6czk47kxhd45zd2u3f6bg4lkwho7suzagzj6na",
            "ipv6cidr_blocks": [],
            "ipv6private_cidr_blocks": [],
            "is_ipv6enabled": false,
            "is_oracle_gua_allocation_enabled": null,
            "security_attributes": {},
            "state": "AVAILABLE",
            "time_created": "2025-11-29 18:51:46.222 +0000 UTC",
            "timeouts": null,
            "vcn_domain_name": "demovcn.oraclevcn.com"
          },
          "sensitive_attributes": [],
          "private": "eyJlMmJmYjczMC1lY2FhLTExZTYtOGY4OC0zNDM2M2JjN2M0YzAiOnsiY3JlYXRlIjoxMjAwMDAwMDAwMDAwLCJkZWxldGUiOjEyMDAwMDAwMDAwMDAsInVwZGF0ZSI6MTIwMDAwMDAwMDAwMH19",
          "dependencies": [
            "module.compartments.module.compartment_level_1.oci_identity_compartment.this",
            "module.compartments.module.compartment_level_2.oci_identity_compartment.this",
            "module.compartments.module.compartment_level_3.oci_identity_compartment.this",
            "module.compartments.module.compartment_level_4.oci_identity_compartment.this",
            "module.compartments.module.compartment_level_5.oci_identity_compartment.this",
            "module.compartments.module.compartment_level_6.oci_identity_compartment.this"
          ]
        }
      ]
    },
    {
      "module": "module.web1_compute_instances[\"instance://vm_demo/demo/web1_instance\"]",
      "mode": "data",
      "type": "oci_core_images",
      "name": "ol8",
      "provider": "provider[\"registry.terraform.io/oracle/oci\"]",
      "instances": [
        {
          "index_key": 0,
          "schema_version": 0,
          "attributes": {
            "compartment_id": "ocid1.compartment.oc1..aaaaaaaa3ze5cwuso2kggf7isu4bm5ue523jov5nul6insm6iouy2iiq7qla",
            "display_name": null,
            "filter": null,
            "id": "CoreImagesDataSource-2549098392",
            "images": [
              {
                "agent_features": [],
                "base_image_id": "",
                "billable_size_in_gbs": "6",
                "compartment_id": "",
                "create_image_allowed": true,
                "defined_tags": {},
                "display_name": "Oracle-Linux-8.10-2025.10.23-0",
                "freeform_tags": {},
                "id": "ocid1.image.oc1.eu-zurich-1.aaaaaaaaykavmggnqfvydvhgj6r2zqvikznlx6rhqnquyd2eltmalvsca2gq",
                "image_source_details": [],
                "instance_id": "",
                "launch_mode": "NATIVE",
                "launch_options": [
                  {
                    "boot_volume_type": "PARAVIRTUALIZED",
                    "firmware": "UEFI_64",
                    "is_consistent_volume_naming_enabled": true,
                    "is_pv_encryption_in_transit_enabled": true,
                    "network_type": "PARAVIRTUALIZED",
                    "remote_data_volume_type": "PARAVIRTUALIZED"
                  }
                ],
                "listing_type": "",
                "operating_system": "Oracle Linux",
                "operating_system_version": "8",
                "size_in_mbs": "47719",
                "state": "AVAILABLE",
                "time_created": "2025-11-10 05:52:35.408 +0000 UTC"
              },
              {
                "agent_features": [],
                "base_image_id": "",
                "billable_size_in_gbs": "6",
                "compartment_id": "",
                "create_image_allowed": true,
                "defined_tags": {},
                "display_name": "Oracle-Linux-8.10-2025.09.16-0",
                "freeform_tags": {},
                "id": "ocid1.image.oc1.eu-zurich-1.aaaaaaaandotlaavzcyemssrejf44cta5wcrhqw2edboxmnoevaysxrrjhrq",
                "image_source_details": [],
                "instance_id": "",
                "launch_mode": "NATIVE",
                "launch_options": [
                  {
                    "boot_volume_type": "PARAVIRTUALIZED",
                    "firmware": "UEFI_64",
                    "is_consistent_volume_naming_enabled": true,
                    "is_pv_encryption_in_transit_enabled": true,
                    "network_type": "PARAVIRTUALIZED",
                    "remote_data_volume_type": "PARAVIRTUALIZED"
                  }
                ],
                "listing_type": "",
                "operating_system": "Oracle Linux",
                "operating_system_version": "8",
                "size_in_mbs": "47719",
                "state": "AVAILABLE",
                "time_created": "2025-09-24 04:09:36.212 +0000 UTC"
              },
              {
                "agent_features": [],
                "base_image_id": "",
                "billable_size_in_gbs": "6",
                "compartment_id": "",
                "create_image_allowed": true,
                "defined_tags": {},
                "display_name": "Oracle-Linux-8.10-2025.08.31-0",
                "freeform_tags": {},
                "id": "ocid1.image.oc1.eu-zurich-1.aaaaaaaabthkpjj2kws5lerlhsobw6aut73lasfbqfusaik4dtvpaxzqlw3a",
                "image_source_details": [],
                "instance_id": "",
                "launch_mode": "NATIVE",
                "launch_options": [
                  {
                    "boot_volume_type": "PARAVIRTUALIZED",
                    "firmware": "UEFI_64",
                    "is_consistent_volume_naming_enabled": true,
                    "is_pv_encryption_in_transit_enabled": true,
                    "network_type": "PARAVIRTUALIZED",
                    "remote_data_volume_type": "PARAVIRTUALIZED"
                  }
                ],
                "listing_type": "",
                "operating_system": "Oracle Linux",
                "operating_system_version": "8",
                "size_in_mbs": "47719",
                "state": "AVAILABLE",
                "time_created": "2025-09-03 04:03:02.227 +0000 UTC"
              }
            ],
            "operating_system": "Oracle Linux",
            "operating_system_version": "8",
            "shape": "VM.Standard.E4.Flex",
            "sort_by": "TIMECREATED",
            "sort_order": "DESC",
            "state": null
          },
          "sensitive_attributes": []
        }
      ]
    },
    {
      "module": "module.web1_compute_instances[\"instance://vm_demo/demo/web1_instance\"]",
      "mode": "managed",
      "type": "oci_core_instance",
      "name": "this",
      "provider": "provider[\"registry.terraform.io/oracle/oci\"]",
      "instances": [
        {
          "schema_version": 0,
          "attributes": {
            "agent_config": [
              {
                "are_all_plugins_disabled": false,
                "is_management_disabled": false,
                "is_monitoring_disabled": false,
                "plugins_config": [
                  {
                    "desired_state": "DISABLED",
                    "name": "Bastion"
                  }
                ]
              }
            ],
            "async": null,
            "availability_config": [
              {
                "is_live_migration_preferred": false,
                "recovery_action": "RESTORE_INSTANCE"
              }
            ],
            "availability_domain": "jJRq:EU-ZURICH-1-AD-1",
            "boot_volume_id": "ocid1.bootvolume.oc1.eu-zurich-1.ab5heljra6mv4pcpmjljl6hwtwnnlisdpufkjth2i6roua4p4fp6k6tyck7a",
            "capacity_reservation_id": null,
            "cluster_placement_group_id": null,
            "compartment_id": "ocid1.compartment.oc1..aaaaaaaa3ze5cwuso2kggf7isu4bm5ue523jov5nul6insm6iouy2iiq7qla",
            "compute_cluster_id": null,
            "create_vnic_details": [
              {
                "assign_ipv6ip": false,
                "assign_private_dns_record": false,
                "assign_public_ip": "false",
                "defined_tags": {
                  "Oracle-Tags.CreatedBy": "default/ryszard.styczynski@avaloq.com",
                  "Oracle-Tags.CreatedOn": "2025-11-29T21:25:04.832Z"
                },
                "display_name": "web1_instance-vnic",
                "freeform_tags": {
                  "component": "oci-vending-machine",
                  "managed_by": "terraform"
                },
                "hostname_label": "web1-instance-vnic",
                "ipv6address_ipv6subnet_cidr_pair_details": [],
                "nsg_ids": [],
                "private_ip": "10.0.1.182",
                "security_attributes": {},
                "skip_source_dest_check": false,
                "subnet_cidr": "",
                "subnet_id": "ocid1.subnet.oc1.eu-zurich-1.aaaaaaaagrty5edhbcpo43u5ciaiz2j2fpyypb5c5zz4xdgyxyokdyj7waua",
                "vlan_id": ""
              }
            ],
            "dedicated_vm_host_id": null,
            "defined_tags": {
              "Oracle-Tags.CreatedBy": "default/ryszard.styczynski@avaloq.com",
              "Oracle-Tags.CreatedOn": "2025-11-29T21:25:04.742Z"
            },
            "display_name": "web1_instance",
            "extended_metadata": {},
            "fault_domain": "FAULT-DOMAIN-3",
            "freeform_tags": {
              "component": "oci-vending-machine",
              "managed_by": "terraform"
            },
            "hostname_label": "web1-instance-vnic",
            "id": "ocid1.instance.oc1.eu-zurich-1.an5heljrknhfuyicwiou6a46tewmcj6u4c4sicvychvf4tslhzkklwxjwdfa",
            "image": "ocid1.image.oc1.eu-zurich-1.aaaaaaaaykavmggnqfvydvhgj6r2zqvikznlx6rhqnquyd2eltmalvsca2gq",
            "instance_configuration_id": null,
            "instance_options": [
              {
                "are_legacy_imds_endpoints_disabled": false
              }
            ],
            "ipxe_script": null,
            "is_ai_enterprise_enabled": null,
            "is_cross_numa_node": false,
            "is_pv_encryption_in_transit_enabled": null,
            "launch_mode": "PARAVIRTUALIZED",
            "launch_options": [
              {
                "boot_volume_type": "PARAVIRTUALIZED",
                "firmware": "UEFI_64",
                "is_consistent_volume_naming_enabled": true,
                "is_pv_encryption_in_transit_enabled": false,
                "network_type": "PARAVIRTUALIZED",
                "remote_data_volume_type": "PARAVIRTUALIZED"
              }
            ],
            "launch_volume_attachments": [],
            "licensing_configs": [],
            "metadata": {
              "ssh_authorized_keys": "ssh-rsa AAAAB3NzaC1yc2EAAAADAQABAAACAQDi7dWcWn0+ciNUI35ItsmchDxEV8+HyRmVvGVo1I9gbDI7Y+k4KkW1fdls1YfgzuLdah61SLvlnSRjG6D33EmaKL6l9GjzLIFNDPR9InTT2iPBGzm/bVy6jXYBT5+r4Yriw3ggxeudu6vkSxjBzXch3Dgkj58xcHt9qRbVPp9iEnBbBvBEHEuJ+Gnx4xBDhXS/ZXANwAAfgO/Y0SNSzjsOoFCG8diBJ3gT6fyIVrMxVHFk7n21k7Ef4SaYv6uV8xy2rGg3d/ji+AUjQMQircO8uLlNp6PvkpJi2PA/4vebpJETTMfZP/2kVV97Xa8eQEQC4soLQb6V1GlZACKUSDME7im2wEL39KkGJi1EVGSUjXWdk3Y19j+6+mxW5K5zSQezdzFiktl1pA14C/0cio+QN/Pdl02afJjOdvdeaO5CHYUpsXnt1WC3wOOkW9A1SkM8gmB/Af0EhCQLd4y5YWqPQENFW3w1g6l2TMDEv3Npj+eDN92PqmLJ5E6KBp3Hs8JI3+1XAZzJqp3h9+strqVpnb26pBzv8BFeM/kvcmnMCcA4gdtAq4YE4M2dpcalDANtwnSBe8IlO1LimIvFjaRW0JqJteB0dF5j2SpNeEvLbl8RVzwizBJnQiTkLER7E3HeTtzoF8CgTCcUaS+SEPbvLQ2k6wqeOpHDzoCwWO4Obw== rstyczynski@rstyczynski-mac"
            },
            "placement_constraint_details": [],
            "platform_config": [],
            "preemptible_instance_config": [],
            "preserve_boot_volume": null,
            "preserve_data_volumes_created_at_launch": null,
            "private_ip": "10.0.1.182",
            "public_ip": "",
            "region": "eu-zurich-1",
            "security_attributes": {},
            "security_attributes_state": "STABLE",
            "shape": "VM.Standard.E4.Flex",
            "shape_config": [
              {
                "baseline_ocpu_utilization": "",
                "gpu_description": "",
                "gpus": 0,
                "local_disk_description": "",
                "local_disks": 0,
                "local_disks_total_size_in_gbs": 0,
                "max_vnic_attachments": 2,
                "memory_in_gbs": 16,
                "networking_bandwidth_in_gbps": 1,
                "nvmes": 0,
                "ocpus": 1,
                "processor_description": "2.55 GHz AMD EPYC™ 7J13 (Milan)",
                "resource_management": "",
                "vcpus": 2
              }
            ],
            "source_details": [
              {
                "boot_volume_size_in_gbs": "50",
                "boot_volume_vpus_per_gb": "10",
                "instance_source_image_filter_details": [],
                "is_preserve_boot_volume_enabled": false,
                "kms_key_id": "",
                "source_id": "ocid1.image.oc1.eu-zurich-1.aaaaaaaaykavmggnqfvydvhgj6r2zqvikznlx6rhqnquyd2eltmalvsca2gq",
                "source_type": "image"
              }
            ],
            "state": "RUNNING",
            "subnet_id": "ocid1.subnet.oc1.eu-zurich-1.aaaaaaaagrty5edhbcpo43u5ciaiz2j2fpyypb5c5zz4xdgyxyokdyj7waua",
            "system_tags": {},
            "time_created": "2025-11-29 21:25:05.112 +0000 UTC",
            "time_maintenance_reboot_due": "",
            "timeouts": null,
            "update_operation_constraint": null
          },
          "sensitive_attributes": [],
          "private": "eyJlMmJmYjczMC1lY2FhLTExZTYtOGY4OC0zNDM2M2JjN2M0YzAiOnsiY3JlYXRlIjoyNzAwMDAwMDAwMDAwLCJkZWxldGUiOjQ1MDAwMDAwMDAwMDAsInVwZGF0ZSI6MjcwMDAwMDAwMDAwMH19",
          "dependencies": [
            "data.oci_identity_availability_domains.ads",
            "module.app1_nsgs.oci_core_network_security_group.this",
            "module.app1_nsgs.oci_core_network_security_group_security_rule.this",
            "module.app2_nsgs.oci_core_network_security_group.this",
            "module.app2_nsgs.oci_core_network_security_group_security_rule.this",
            "module.compartments.module.compartment_level_1.oci_identity_compartment.this",
            "module.compartments.module.compartment_level_2.oci_identity_compartment.this",
            "module.compartments.module.compartment_level_3.oci_identity_compartment.this",
            "module.compartments.module.compartment_level_4.oci_identity_compartment.this",
            "module.compartments.module.compartment_level_5.oci_identity_compartment.this",
            "module.compartments.module.compartment_level_6.oci_identity_compartment.this",
            "module.log_groups.oci_logging_log_group.this",
            "module.subnets.oci_core_subnet.this",
            "module.subnets.oci_logging_log.this",
            "module.vcns.data.oci_core_services.all_services",
            "module.vcns.oci_core_default_route_table.this",
            "module.vcns.oci_core_internet_gateway.this",
            "module.vcns.oci_core_nat_gateway.this",
            "module.vcns.oci_core_route_table.nat_gateway_rt",
            "module.vcns.oci_core_route_table.service_gateway_rt",
            "module.vcns.oci_core_service_gateway.this",
            "module.vcns.oci_core_vcn.this",
            "module.web1_compute_instances.data.oci_core_images.ol8"
          ]
        }
      ]
    }
  ],
  "check_results": null
}
